// !$*UTF8*$!
{
	archiveVersion = 1;
	classes = {
	};
	objectVersion = 46;
	objects = {

/* Begin PBXBuildFile section */
		77088F191BDA4EF900ECFAB3 /* do_Alipay_App.h in CopyFiles */ = {isa = PBXBuildFile; fileRef = A772B6101B27E6170001E1C9 /* do_Alipay_App.h */; };
		77088F1A1BDA4EF900ECFAB3 /* do_Alipay_ISM.h in CopyFiles */ = {isa = PBXBuildFile; fileRef = A772B6121B27E6170001E1C9 /* do_Alipay_ISM.h */; };
		77088F1B1BDA4EF900ECFAB3 /* do_Alipay_SM.h in CopyFiles */ = {isa = PBXBuildFile; fileRef = A772B6151B27E6170001E1C9 /* do_Alipay_SM.h */; };
		776765BC1BDBD462008141CF /* AlipaySDK.framework in Frameworks */ = {isa = PBXBuildFile; fileRef = A772B68D1B27E8050001E1C9 /* AlipaySDK.framework */; };
		776766251BDBE72A008141CF /* QuartzCore.framework in Frameworks */ = {isa = PBXBuildFile; fileRef = CCFAEAA21B00ED5800AED8D5 /* QuartzCore.framework */; };
		776768281BDCB6E0008141CF /* base64.m in Sources */ = {isa = PBXBuildFile; fileRef = 776768181BDCB6E0008141CF /* base64.m */; };
		776768291BDCB6E0008141CF /* DataSigner.m in Sources */ = {isa = PBXBuildFile; fileRef = 7767681B1BDCB6E0008141CF /* DataSigner.m */; };
		7767682A1BDCB6E0008141CF /* DataVerifier.m in Sources */ = {isa = PBXBuildFile; fileRef = 7767681D1BDCB6E0008141CF /* DataVerifier.m */; };
		7767682B1BDCB6E0008141CF /* MD5DataSigner.m in Sources */ = {isa = PBXBuildFile; fileRef = 7767681F1BDCB6E0008141CF /* MD5DataSigner.m */; };
		7767682C1BDCB6E0008141CF /* NSDataEx.m in Sources */ = {isa = PBXBuildFile; fileRef = 776768211BDCB6E0008141CF /* NSDataEx.m */; };
		7767682D1BDCB6E0008141CF /* openssl_wrapper.m in Sources */ = {isa = PBXBuildFile; fileRef = 776768231BDCB6E0008141CF /* openssl_wrapper.m */; };
		7767682E1BDCB6E0008141CF /* RSADataSigner.m in Sources */ = {isa = PBXBuildFile; fileRef = 776768251BDCB6E0008141CF /* RSADataSigner.m */; };
		7767682F1BDCB6E0008141CF /* RSADataVerifier.m in Sources */ = {isa = PBXBuildFile; fileRef = 776768271BDCB6E0008141CF /* RSADataVerifier.m */; };
		7767683C1BDCBE9B008141CF /* base64.m in Sources */ = {isa = PBXBuildFile; fileRef = 776768181BDCB6E0008141CF /* base64.m */; };
		7767683D1BDCBE9B008141CF /* config.h in Sources */ = {isa = PBXBuildFile; fileRef = 776768191BDCB6E0008141CF /* config.h */; };
		7767683E1BDCBE9B008141CF /* DataSigner.m in Sources */ = {isa = PBXBuildFile; fileRef = 7767681B1BDCB6E0008141CF /* DataSigner.m */; };
		7767683F1BDCBE9B008141CF /* DataVerifier.m in Sources */ = {isa = PBXBuildFile; fileRef = 7767681D1BDCB6E0008141CF /* DataVerifier.m */; };
		776768401BDCBE9B008141CF /* MD5DataSigner.m in Sources */ = {isa = PBXBuildFile; fileRef = 7767681F1BDCB6E0008141CF /* MD5DataSigner.m */; };
		776768411BDCBE9B008141CF /* NSDataEx.m in Sources */ = {isa = PBXBuildFile; fileRef = 776768211BDCB6E0008141CF /* NSDataEx.m */; };
		776768421BDCBE9B008141CF /* openssl_wrapper.m in Sources */ = {isa = PBXBuildFile; fileRef = 776768231BDCB6E0008141CF /* openssl_wrapper.m */; };
		776768431BDCBE9B008141CF /* RSADataSigner.m in Sources */ = {isa = PBXBuildFile; fileRef = 776768251BDCB6E0008141CF /* RSADataSigner.m */; };
		776768441BDCBE9B008141CF /* RSADataVerifier.m in Sources */ = {isa = PBXBuildFile; fileRef = 776768271BDCB6E0008141CF /* RSADataVerifier.m */; };
		77C22D161BDCE250008D6DD2 /* AlipaySDK.bundle in Resources */ = {isa = PBXBuildFile; fileRef = 77C22D151BDCE250008D6DD2 /* AlipaySDK.bundle */; };
		A44BC6701AEE005E001580AA /* main.m in Sources */ = {isa = PBXBuildFile; fileRef = A44BC66F1AEE005E001580AA /* main.m */; };
		A44BC6731AEE005E001580AA /* AppDelegate.m in Sources */ = {isa = PBXBuildFile; fileRef = A44BC6721AEE005E001580AA /* AppDelegate.m */; };
		A44BC6761AEE005E001580AA /* ViewController.m in Sources */ = {isa = PBXBuildFile; fileRef = A44BC6751AEE005E001580AA /* ViewController.m */; };
		A44BC67B1AEE005E001580AA /* Images.xcassets in Resources */ = {isa = PBXBuildFile; fileRef = A44BC67A1AEE005E001580AA /* Images.xcassets */; };
		A44BC69F1AEE008D001580AA /* doApp.m in Sources */ = {isa = PBXBuildFile; fileRef = A44BC6951AEE008D001580AA /* doApp.m */; };
		A44BC6A01AEE008D001580AA /* doLogEngine.m in Sources */ = {isa = PBXBuildFile; fileRef = A44BC6981AEE008D001580AA /* doLogEngine.m */; };
		A44BC6A11AEE008D001580AA /* doPage.m in Sources */ = {isa = PBXBuildFile; fileRef = A44BC69A1AEE008D001580AA /* doPage.m */; };
		A44BC6A21AEE008D001580AA /* doScriptEngine.m in Sources */ = {isa = PBXBuildFile; fileRef = A44BC69C1AEE008D001580AA /* doScriptEngine.m */; };
		A44BC6A31AEE008D001580AA /* doService.m in Sources */ = {isa = PBXBuildFile; fileRef = A44BC69E1AEE008D001580AA /* doService.m */; };
		A772B6181B27E6170001E1C9 /* do_Alipay_App.m in Sources */ = {isa = PBXBuildFile; fileRef = A772B6111B27E6170001E1C9 /* do_Alipay_App.m */; };
		A772B6191B27E6170001E1C9 /* do_Alipay_App.m in Sources */ = {isa = PBXBuildFile; fileRef = A772B6111B27E6170001E1C9 /* do_Alipay_App.m */; };
		A772B61A1B27E6170001E1C9 /* do_Alipay_Order.m in Sources */ = {isa = PBXBuildFile; fileRef = A772B6141B27E6170001E1C9 /* do_Alipay_Order.m */; };
		A772B61B1B27E6170001E1C9 /* do_Alipay_Order.m in Sources */ = {isa = PBXBuildFile; fileRef = A772B6141B27E6170001E1C9 /* do_Alipay_Order.m */; };
		A772B61C1B27E6170001E1C9 /* do_Alipay_SM.m in Sources */ = {isa = PBXBuildFile; fileRef = A772B6161B27E6170001E1C9 /* do_Alipay_SM.m */; };
		A772B61D1B27E6170001E1C9 /* do_Alipay_SM.m in Sources */ = {isa = PBXBuildFile; fileRef = A772B6161B27E6170001E1C9 /* do_Alipay_SM.m */; };
		A772B61E1B27E6170001E1C9 /* do_Test.json in Resources */ = {isa = PBXBuildFile; fileRef = A772B6171B27E6170001E1C9 /* do_Test.json */; };
		A772B6901B27E8050001E1C9 /* AlipaySDK.framework in Frameworks */ = {isa = PBXBuildFile; fileRef = A772B68D1B27E8050001E1C9 /* AlipaySDK.framework */; };
		A772B6921B27E8050001E1C9 /* libcrypto.a in Frameworks */ = {isa = PBXBuildFile; fileRef = A772B68E1B27E8050001E1C9 /* libcrypto.a */; };
		A772B6931B27E8050001E1C9 /* libcrypto.a in Frameworks */ = {isa = PBXBuildFile; fileRef = A772B68E1B27E8050001E1C9 /* libcrypto.a */; };
		A772B6941B27E8050001E1C9 /* libssl.a in Frameworks */ = {isa = PBXBuildFile; fileRef = A772B68F1B27E8050001E1C9 /* libssl.a */; };
		A772B6951B27E8050001E1C9 /* libssl.a in Frameworks */ = {isa = PBXBuildFile; fileRef = A772B68F1B27E8050001E1C9 /* libssl.a */; };
		A772B6981B27E87A0001E1C9 /* do_Alipay_Auth.m in Sources */ = {isa = PBXBuildFile; fileRef = A772B6971B27E87A0001E1C9 /* do_Alipay_Auth.m */; };
		A772B6991B27E87A0001E1C9 /* do_Alipay_Auth.m in Sources */ = {isa = PBXBuildFile; fileRef = A772B6971B27E87A0001E1C9 /* do_Alipay_Auth.m */; };
		A772B69B1B27E8CF0001E1C9 /* Foundation.framework in Frameworks */ = {isa = PBXBuildFile; fileRef = A772B69A1B27E8CF0001E1C9 /* Foundation.framework */; };
		A772B69C1B27E9080001E1C9 /* SystemConfiguration.framework in Frameworks */ = {isa = PBXBuildFile; fileRef = CCFAEA9E1B00ED3000AED8D5 /* SystemConfiguration.framework */; };
		A772B69D1B27E93F0001E1C9 /* libz.dylib in Frameworks */ = {isa = PBXBuildFile; fileRef = CCFAEABC1B00EF2000AED8D5 /* libz.dylib */; };
		A772B69F1B27F60E0001E1C9 /* UIKit.framework in Frameworks */ = {isa = PBXBuildFile; fileRef = A772B69E1B27F60E0001E1C9 /* UIKit.framework */; };
		A772B6A21B2834930001E1C9 /* CoreGraphics.framework in Frameworks */ = {isa = PBXBuildFile; fileRef = CCFAEA9C1B00ED1C00AED8D5 /* CoreGraphics.framework */; };
		A772B6A31B2834A30001E1C9 /* CoreTelephony.framework in Frameworks */ = {isa = PBXBuildFile; fileRef = CCFAEABA1B00EF0C00AED8D5 /* CoreTelephony.framework */; };
		A772B6A51B2834AF0001E1C9 /* CoreText.framework in Frameworks */ = {isa = PBXBuildFile; fileRef = A772B6A41B2834AF0001E1C9 /* CoreText.framework */; };
		CCEB2AC71B09D92A00949C58 /* doModuleExtManage.m in Sources */ = {isa = PBXBuildFile; fileRef = CCEB2AC61B09D92A00949C58 /* doModuleExtManage.m */; };
		CCEB2B001B09D9C700949C58 /* libDoCore.a in Frameworks */ = {isa = PBXBuildFile; fileRef = CCEB2AFF1B09D9C700949C58 /* libDoCore.a */; };
		CCFAEA921B00B16A00AED8D5 /* doPageViewFactory.m in Sources */ = {isa = PBXBuildFile; fileRef = CCFAEA911B00B16A00AED8D5 /* doPageViewFactory.m */; };
		CCFAEA991B00ECD800AED8D5 /* ImageIO.framework in Frameworks */ = {isa = PBXBuildFile; fileRef = CCFAEA981B00ECD800AED8D5 /* ImageIO.framework */; };
		CCFAEA9B1B00ECF400AED8D5 /* Security.framework in Frameworks */ = {isa = PBXBuildFile; fileRef = CCFAEA9A1B00ECF400AED8D5 /* Security.framework */; };
		CCFAEA9D1B00ED1C00AED8D5 /* CoreGraphics.framework in Frameworks */ = {isa = PBXBuildFile; fileRef = CCFAEA9C1B00ED1C00AED8D5 /* CoreGraphics.framework */; };
		CCFAEA9F1B00ED3000AED8D5 /* SystemConfiguration.framework in Frameworks */ = {isa = PBXBuildFile; fileRef = CCFAEA9E1B00ED3000AED8D5 /* SystemConfiguration.framework */; };
		CCFAEAA11B00ED4600AED8D5 /* OpenGLES.framework in Frameworks */ = {isa = PBXBuildFile; fileRef = CCFAEAA01B00ED4600AED8D5 /* OpenGLES.framework */; };
		CCFAEAA31B00ED5800AED8D5 /* QuartzCore.framework in Frameworks */ = {isa = PBXBuildFile; fileRef = CCFAEAA21B00ED5800AED8D5 /* QuartzCore.framework */; };
		CCFAEAA51B00ED6B00AED8D5 /* CoreLocation.framework in Frameworks */ = {isa = PBXBuildFile; fileRef = CCFAEAA41B00ED6B00AED8D5 /* CoreLocation.framework */; };
		CCFAEAA71B00ED8700AED8D5 /* libresolv.dylib in Frameworks */ = {isa = PBXBuildFile; fileRef = CCFAEAA61B00ED8700AED8D5 /* libresolv.dylib */; };
		CCFAEAA91B00ED9A00AED8D5 /* libstdc++.6.0.9.dylib in Frameworks */ = {isa = PBXBuildFile; fileRef = CCFAEAA81B00ED9A00AED8D5 /* libstdc++.6.0.9.dylib */; };
		CCFAEAAB1B00EDAB00AED8D5 /* CFNetwork.framework in Frameworks */ = {isa = PBXBuildFile; fileRef = CCFAEAAA1B00EDAB00AED8D5 /* CFNetwork.framework */; };
		CCFAEAAD1B00EDBD00AED8D5 /* MobileCoreServices.framework in Frameworks */ = {isa = PBXBuildFile; fileRef = CCFAEAAC1B00EDBD00AED8D5 /* MobileCoreServices.framework */; };
		CCFAEAAF1B00EDE200AED8D5 /* libiconv.dylib in Frameworks */ = {isa = PBXBuildFile; fileRef = CCFAEAAE1B00EDE200AED8D5 /* libiconv.dylib */; };
		CCFAEAB11B00EDF600AED8D5 /* libxml2.dylib in Frameworks */ = {isa = PBXBuildFile; fileRef = CCFAEAB01B00EDF600AED8D5 /* libxml2.dylib */; };
		CCFAEAB31B00EE0700AED8D5 /* libsqlite3.dylib in Frameworks */ = {isa = PBXBuildFile; fileRef = CCFAEAB21B00EE0700AED8D5 /* libsqlite3.dylib */; };
		CCFAEAB51B00EE1D00AED8D5 /* AVFoundation.framework in Frameworks */ = {isa = PBXBuildFile; fileRef = CCFAEAB41B00EE1D00AED8D5 /* AVFoundation.framework */; };
		CCFAEAB71B00EE2F00AED8D5 /* MessageUI.framework in Frameworks */ = {isa = PBXBuildFile; fileRef = CCFAEAB61B00EE2F00AED8D5 /* MessageUI.framework */; };
		CCFAEAB91B00EED800AED8D5 /* AudioToolbox.framework in Frameworks */ = {isa = PBXBuildFile; fileRef = CCFAEAB81B00EED800AED8D5 /* AudioToolbox.framework */; };
		CCFAEABB1B00EF0C00AED8D5 /* CoreTelephony.framework in Frameworks */ = {isa = PBXBuildFile; fileRef = CCFAEABA1B00EF0C00AED8D5 /* CoreTelephony.framework */; };
		CCFAEABD1B00EF2000AED8D5 /* libz.dylib in Frameworks */ = {isa = PBXBuildFile; fileRef = CCFAEABC1B00EF2000AED8D5 /* libz.dylib */; };
		CCFAEABF1B00EF4800AED8D5 /* libstdc++.dylib in Frameworks */ = {isa = PBXBuildFile; fileRef = CCFAEABE1B00EF4800AED8D5 /* libstdc++.dylib */; };
		CCFAEAC11B00EF6300AED8D5 /* libicucore.dylib in Frameworks */ = {isa = PBXBuildFile; fileRef = CCFAEAC01B00EF6300AED8D5 /* libicucore.dylib */; };
		CCFAEAC31B00EF6A00AED8D5 /* JavaScriptCore.framework in Frameworks */ = {isa = PBXBuildFile; fileRef = CCFAEAC21B00EF6A00AED8D5 /* JavaScriptCore.framework */; };
		CCFAEAC81B0182C600AED8D5 /* doDataFs.m in Sources */ = {isa = PBXBuildFile; fileRef = CCFAEAC71B0182C600AED8D5 /* doDataFs.m */; };
		CCFAEB3F1B046D8300AED8D5 /* doModuleFactory.m in Sources */ = {isa = PBXBuildFile; fileRef = CCFAEB3E1B046D8300AED8D5 /* doModuleFactory.m */; };
/* End PBXBuildFile section */

/* Begin PBXCopyFilesBuildPhase section */
		A44BC7B01AEE19CC001580AA /* CopyFiles */ = {
			isa = PBXCopyFilesBuildPhase;
			buildActionMask = 2147483647;
			dstPath = "";
			dstSubfolderSpec = 16;
			files = (
				77088F191BDA4EF900ECFAB3 /* do_Alipay_App.h in CopyFiles */,
				77088F1A1BDA4EF900ECFAB3 /* do_Alipay_ISM.h in CopyFiles */,
				77088F1B1BDA4EF900ECFAB3 /* do_Alipay_SM.h in CopyFiles */,
			);
			runOnlyForDeploymentPostprocessing = 0;
		};
/* End PBXCopyFilesBuildPhase section */

/* Begin PBXFileReference section */
		7767646D1BDBA4E0008141CF /* aes.h */ = {isa = PBXFileReference; fileEncoding = 4; lastKnownFileType = sourcecode.c.h; path = aes.h; sourceTree = "<group>"; };
		7767646E1BDBA4E0008141CF /* asn1.h */ = {isa = PBXFileReference; fileEncoding = 4; lastKnownFileType = sourcecode.c.h; path = asn1.h; sourceTree = "<group>"; };
		7767646F1BDBA4E0008141CF /* asn1_mac.h */ = {isa = PBXFileReference; fileEncoding = 4; lastKnownFileType = sourcecode.c.h; path = asn1_mac.h; sourceTree = "<group>"; };
		776764701BDBA4E0008141CF /* asn1t.h */ = {isa = PBXFileReference; fileEncoding = 4; lastKnownFileType = sourcecode.c.h; path = asn1t.h; sourceTree = "<group>"; };
		776764711BDBA4E0008141CF /* bio.h */ = {isa = PBXFileReference; fileEncoding = 4; lastKnownFileType = sourcecode.c.h; path = bio.h; sourceTree = "<group>"; };
		776764721BDBA4E0008141CF /* blowfish.h */ = {isa = PBXFileReference; fileEncoding = 4; lastKnownFileType = sourcecode.c.h; path = blowfish.h; sourceTree = "<group>"; };
		776764731BDBA4E0008141CF /* bn.h */ = {isa = PBXFileReference; fileEncoding = 4; lastKnownFileType = sourcecode.c.h; path = bn.h; sourceTree = "<group>"; };
		776764741BDBA4E0008141CF /* buffer.h */ = {isa = PBXFileReference; fileEncoding = 4; lastKnownFileType = sourcecode.c.h; path = buffer.h; sourceTree = "<group>"; };
		776764751BDBA4E0008141CF /* camellia.h */ = {isa = PBXFileReference; fileEncoding = 4; lastKnownFileType = sourcecode.c.h; path = camellia.h; sourceTree = "<group>"; };
		776764761BDBA4E0008141CF /* cast.h */ = {isa = PBXFileReference; fileEncoding = 4; lastKnownFileType = sourcecode.c.h; path = cast.h; sourceTree = "<group>"; };
		776764771BDBA4E0008141CF /* cmac.h */ = {isa = PBXFileReference; fileEncoding = 4; lastKnownFileType = sourcecode.c.h; path = cmac.h; sourceTree = "<group>"; };
		776764781BDBA4E0008141CF /* cms.h */ = {isa = PBXFileReference; fileEncoding = 4; lastKnownFileType = sourcecode.c.h; path = cms.h; sourceTree = "<group>"; };
		776764791BDBA4E0008141CF /* comp.h */ = {isa = PBXFileReference; fileEncoding = 4; lastKnownFileType = sourcecode.c.h; path = comp.h; sourceTree = "<group>"; };
		7767647A1BDBA4E0008141CF /* conf.h */ = {isa = PBXFileReference; fileEncoding = 4; lastKnownFileType = sourcecode.c.h; path = conf.h; sourceTree = "<group>"; };
		7767647B1BDBA4E0008141CF /* conf_api.h */ = {isa = PBXFileReference; fileEncoding = 4; lastKnownFileType = sourcecode.c.h; path = conf_api.h; sourceTree = "<group>"; };
		7767647C1BDBA4E0008141CF /* crypto.h */ = {isa = PBXFileReference; fileEncoding = 4; lastKnownFileType = sourcecode.c.h; path = crypto.h; sourceTree = "<group>"; };
		7767647D1BDBA4E0008141CF /* des.h */ = {isa = PBXFileReference; fileEncoding = 4; lastKnownFileType = sourcecode.c.h; path = des.h; sourceTree = "<group>"; };
		7767647E1BDBA4E0008141CF /* des_old.h */ = {isa = PBXFileReference; fileEncoding = 4; lastKnownFileType = sourcecode.c.h; path = des_old.h; sourceTree = "<group>"; };
		7767647F1BDBA4E0008141CF /* dh.h */ = {isa = PBXFileReference; fileEncoding = 4; lastKnownFileType = sourcecode.c.h; path = dh.h; sourceTree = "<group>"; };
		776764801BDBA4E0008141CF /* dsa.h */ = {isa = PBXFileReference; fileEncoding = 4; lastKnownFileType = sourcecode.c.h; path = dsa.h; sourceTree = "<group>"; };
		776764811BDBA4E0008141CF /* dso.h */ = {isa = PBXFileReference; fileEncoding = 4; lastKnownFileType = sourcecode.c.h; path = dso.h; sourceTree = "<group>"; };
		776764821BDBA4E0008141CF /* dtls1.h */ = {isa = PBXFileReference; fileEncoding = 4; lastKnownFileType = sourcecode.c.h; path = dtls1.h; sourceTree = "<group>"; };
		776764831BDBA4E0008141CF /* e_os2.h */ = {isa = PBXFileReference; fileEncoding = 4; lastKnownFileType = sourcecode.c.h; path = e_os2.h; sourceTree = "<group>"; };
		776764841BDBA4E0008141CF /* ebcdic.h */ = {isa = PBXFileReference; fileEncoding = 4; lastKnownFileType = sourcecode.c.h; path = ebcdic.h; sourceTree = "<group>"; };
		776764851BDBA4E0008141CF /* ec.h */ = {isa = PBXFileReference; fileEncoding = 4; lastKnownFileType = sourcecode.c.h; path = ec.h; sourceTree = "<group>"; };
		776764861BDBA4E0008141CF /* ecdh.h */ = {isa = PBXFileReference; fileEncoding = 4; lastKnownFileType = sourcecode.c.h; path = ecdh.h; sourceTree = "<group>"; };
		776764871BDBA4E0008141CF /* ecdsa.h */ = {isa = PBXFileReference; fileEncoding = 4; lastKnownFileType = sourcecode.c.h; path = ecdsa.h; sourceTree = "<group>"; };
		776764881BDBA4E0008141CF /* engine.h */ = {isa = PBXFileReference; fileEncoding = 4; lastKnownFileType = sourcecode.c.h; path = engine.h; sourceTree = "<group>"; };
		776764891BDBA4E0008141CF /* err.h */ = {isa = PBXFileReference; fileEncoding = 4; lastKnownFileType = sourcecode.c.h; path = err.h; sourceTree = "<group>"; };
		7767648A1BDBA4E0008141CF /* evp.h */ = {isa = PBXFileReference; fileEncoding = 4; lastKnownFileType = sourcecode.c.h; path = evp.h; sourceTree = "<group>"; };
		7767648B1BDBA4E0008141CF /* hmac.h */ = {isa = PBXFileReference; fileEncoding = 4; lastKnownFileType = sourcecode.c.h; path = hmac.h; sourceTree = "<group>"; };
		7767648C1BDBA4E0008141CF /* idea.h */ = {isa = PBXFileReference; fileEncoding = 4; lastKnownFileType = sourcecode.c.h; path = idea.h; sourceTree = "<group>"; };
		7767648D1BDBA4E0008141CF /* krb5_asn.h */ = {isa = PBXFileReference; fileEncoding = 4; lastKnownFileType = sourcecode.c.h; path = krb5_asn.h; sourceTree = "<group>"; };
		7767648E1BDBA4E0008141CF /* kssl.h */ = {isa = PBXFileReference; fileEncoding = 4; lastKnownFileType = sourcecode.c.h; path = kssl.h; sourceTree = "<group>"; };
		7767648F1BDBA4E0008141CF /* lhash.h */ = {isa = PBXFileReference; fileEncoding = 4; lastKnownFileType = sourcecode.c.h; path = lhash.h; sourceTree = "<group>"; };
		776764901BDBA4E0008141CF /* md4.h */ = {isa = PBXFileReference; fileEncoding = 4; lastKnownFileType = sourcecode.c.h; path = md4.h; sourceTree = "<group>"; };
		776764911BDBA4E0008141CF /* md5.h */ = {isa = PBXFileReference; fileEncoding = 4; lastKnownFileType = sourcecode.c.h; path = md5.h; sourceTree = "<group>"; };
		776764921BDBA4E0008141CF /* mdc2.h */ = {isa = PBXFileReference; fileEncoding = 4; lastKnownFileType = sourcecode.c.h; path = mdc2.h; sourceTree = "<group>"; };
		776764931BDBA4E0008141CF /* modes.h */ = {isa = PBXFileReference; fileEncoding = 4; lastKnownFileType = sourcecode.c.h; path = modes.h; sourceTree = "<group>"; };
		776764941BDBA4E0008141CF /* obj_mac.h */ = {isa = PBXFileReference; fileEncoding = 4; lastKnownFileType = sourcecode.c.h; path = obj_mac.h; sourceTree = "<group>"; };
		776764951BDBA4E0008141CF /* objects.h */ = {isa = PBXFileReference; fileEncoding = 4; lastKnownFileType = sourcecode.c.h; path = objects.h; sourceTree = "<group>"; };
		776764961BDBA4E0008141CF /* ocsp.h */ = {isa = PBXFileReference; fileEncoding = 4; lastKnownFileType = sourcecode.c.h; path = ocsp.h; sourceTree = "<group>"; };
		776764971BDBA4E0008141CF /* opensslconf.h */ = {isa = PBXFileReference; fileEncoding = 4; lastKnownFileType = sourcecode.c.h; path = opensslconf.h; sourceTree = "<group>"; };
		776764981BDBA4E0008141CF /* opensslv.h */ = {isa = PBXFileReference; fileEncoding = 4; lastKnownFileType = sourcecode.c.h; path = opensslv.h; sourceTree = "<group>"; };
		776764991BDBA4E0008141CF /* ossl_typ.h */ = {isa = PBXFileReference; fileEncoding = 4; lastKnownFileType = sourcecode.c.h; path = ossl_typ.h; sourceTree = "<group>"; };
		7767649A1BDBA4E0008141CF /* pem.h */ = {isa = PBXFileReference; fileEncoding = 4; lastKnownFileType = sourcecode.c.h; path = pem.h; sourceTree = "<group>"; };
		7767649B1BDBA4E0008141CF /* pem2.h */ = {isa = PBXFileReference; fileEncoding = 4; lastKnownFileType = sourcecode.c.h; path = pem2.h; sourceTree = "<group>"; };
		7767649C1BDBA4E0008141CF /* pkcs12.h */ = {isa = PBXFileReference; fileEncoding = 4; lastKnownFileType = sourcecode.c.h; path = pkcs12.h; sourceTree = "<group>"; };
		7767649D1BDBA4E0008141CF /* pkcs7.h */ = {isa = PBXFileReference; fileEncoding = 4; lastKnownFileType = sourcecode.c.h; path = pkcs7.h; sourceTree = "<group>"; };
		7767649E1BDBA4E0008141CF /* pqueue.h */ = {isa = PBXFileReference; fileEncoding = 4; lastKnownFileType = sourcecode.c.h; path = pqueue.h; sourceTree = "<group>"; };
		7767649F1BDBA4E0008141CF /* rand.h */ = {isa = PBXFileReference; fileEncoding = 4; lastKnownFileType = sourcecode.c.h; path = rand.h; sourceTree = "<group>"; };
		776764A01BDBA4E0008141CF /* rc2.h */ = {isa = PBXFileReference; fileEncoding = 4; lastKnownFileType = sourcecode.c.h; path = rc2.h; sourceTree = "<group>"; };
		776764A11BDBA4E0008141CF /* rc4.h */ = {isa = PBXFileReference; fileEncoding = 4; lastKnownFileType = sourcecode.c.h; path = rc4.h; sourceTree = "<group>"; };
		776764A21BDBA4E0008141CF /* ripemd.h */ = {isa = PBXFileReference; fileEncoding = 4; lastKnownFileType = sourcecode.c.h; path = ripemd.h; sourceTree = "<group>"; };
		776764A31BDBA4E0008141CF /* rsa.h */ = {isa = PBXFileReference; fileEncoding = 4; lastKnownFileType = sourcecode.c.h; path = rsa.h; sourceTree = "<group>"; };
		776764A41BDBA4E0008141CF /* safestack.h */ = {isa = PBXFileReference; fileEncoding = 4; lastKnownFileType = sourcecode.c.h; path = safestack.h; sourceTree = "<group>"; };
		776764A51BDBA4E0008141CF /* seed.h */ = {isa = PBXFileReference; fileEncoding = 4; lastKnownFileType = sourcecode.c.h; path = seed.h; sourceTree = "<group>"; };
		776764A61BDBA4E0008141CF /* sha.h */ = {isa = PBXFileReference; fileEncoding = 4; lastKnownFileType = sourcecode.c.h; path = sha.h; sourceTree = "<group>"; };
		776764A71BDBA4E0008141CF /* srp.h */ = {isa = PBXFileReference; fileEncoding = 4; lastKnownFileType = sourcecode.c.h; path = srp.h; sourceTree = "<group>"; };
		776764A81BDBA4E0008141CF /* srtp.h */ = {isa = PBXFileReference; fileEncoding = 4; lastKnownFileType = sourcecode.c.h; path = srtp.h; sourceTree = "<group>"; };
		776764A91BDBA4E0008141CF /* ssl.h */ = {isa = PBXFileReference; fileEncoding = 4; lastKnownFileType = sourcecode.c.h; path = ssl.h; sourceTree = "<group>"; };
		776764AA1BDBA4E0008141CF /* ssl2.h */ = {isa = PBXFileReference; fileEncoding = 4; lastKnownFileType = sourcecode.c.h; path = ssl2.h; sourceTree = "<group>"; };
		776764AB1BDBA4E0008141CF /* ssl23.h */ = {isa = PBXFileReference; fileEncoding = 4; lastKnownFileType = sourcecode.c.h; path = ssl23.h; sourceTree = "<group>"; };
		776764AC1BDBA4E0008141CF /* ssl3.h */ = {isa = PBXFileReference; fileEncoding = 4; lastKnownFileType = sourcecode.c.h; path = ssl3.h; sourceTree = "<group>"; };
		776764AD1BDBA4E0008141CF /* stack.h */ = {isa = PBXFileReference; fileEncoding = 4; lastKnownFileType = sourcecode.c.h; path = stack.h; sourceTree = "<group>"; };
		776764AE1BDBA4E0008141CF /* symhacks.h */ = {isa = PBXFileReference; fileEncoding = 4; lastKnownFileType = sourcecode.c.h; path = symhacks.h; sourceTree = "<group>"; };
		776764AF1BDBA4E0008141CF /* tls1.h */ = {isa = PBXFileReference; fileEncoding = 4; lastKnownFileType = sourcecode.c.h; path = tls1.h; sourceTree = "<group>"; };
		776764B01BDBA4E0008141CF /* ts.h */ = {isa = PBXFileReference; fileEncoding = 4; lastKnownFileType = sourcecode.c.h; path = ts.h; sourceTree = "<group>"; };
		776764B11BDBA4E0008141CF /* txt_db.h */ = {isa = PBXFileReference; fileEncoding = 4; lastKnownFileType = sourcecode.c.h; path = txt_db.h; sourceTree = "<group>"; };
		776764B21BDBA4E0008141CF /* ui.h */ = {isa = PBXFileReference; fileEncoding = 4; lastKnownFileType = sourcecode.c.h; path = ui.h; sourceTree = "<group>"; };
		776764B31BDBA4E0008141CF /* ui_compat.h */ = {isa = PBXFileReference; fileEncoding = 4; lastKnownFileType = sourcecode.c.h; path = ui_compat.h; sourceTree = "<group>"; };
		776764B41BDBA4E0008141CF /* whrlpool.h */ = {isa = PBXFileReference; fileEncoding = 4; lastKnownFileType = sourcecode.c.h; path = whrlpool.h; sourceTree = "<group>"; };
		776764B51BDBA4E0008141CF /* x509.h */ = {isa = PBXFileReference; fileEncoding = 4; lastKnownFileType = sourcecode.c.h; path = x509.h; sourceTree = "<group>"; };
		776764B61BDBA4E0008141CF /* x509_vfy.h */ = {isa = PBXFileReference; fileEncoding = 4; lastKnownFileType = sourcecode.c.h; path = x509_vfy.h; sourceTree = "<group>"; };
		776764B71BDBA4E0008141CF /* x509v3.h */ = {isa = PBXFileReference; fileEncoding = 4; lastKnownFileType = sourcecode.c.h; path = x509v3.h; sourceTree = "<group>"; };
		776768171BDCB6E0008141CF /* base64.h */ = {isa = PBXFileReference; fileEncoding = 4; lastKnownFileType = sourcecode.c.h; path = base64.h; sourceTree = "<group>"; };
		776768181BDCB6E0008141CF /* base64.m */ = {isa = PBXFileReference; fileEncoding = 4; lastKnownFileType = sourcecode.c.objc; path = base64.m; sourceTree = "<group>"; };
		776768191BDCB6E0008141CF /* config.h */ = {isa = PBXFileReference; fileEncoding = 4; lastKnownFileType = sourcecode.c.h; path = config.h; sourceTree = "<group>"; };
		7767681A1BDCB6E0008141CF /* DataSigner.h */ = {isa = PBXFileReference; fileEncoding = 4; lastKnownFileType = sourcecode.c.h; path = DataSigner.h; sourceTree = "<group>"; };
		7767681B1BDCB6E0008141CF /* DataSigner.m */ = {isa = PBXFileReference; fileEncoding = 4; lastKnownFileType = sourcecode.c.objc; path = DataSigner.m; sourceTree = "<group>"; };
		7767681C1BDCB6E0008141CF /* DataVerifier.h */ = {isa = PBXFileReference; fileEncoding = 4; lastKnownFileType = sourcecode.c.h; path = DataVerifier.h; sourceTree = "<group>"; };
		7767681D1BDCB6E0008141CF /* DataVerifier.m */ = {isa = PBXFileReference; fileEncoding = 4; lastKnownFileType = sourcecode.c.objc; path = DataVerifier.m; sourceTree = "<group>"; };
		7767681E1BDCB6E0008141CF /* MD5DataSigner.h */ = {isa = PBXFileReference; fileEncoding = 4; lastKnownFileType = sourcecode.c.h; path = MD5DataSigner.h; sourceTree = "<group>"; };
		7767681F1BDCB6E0008141CF /* MD5DataSigner.m */ = {isa = PBXFileReference; fileEncoding = 4; lastKnownFileType = sourcecode.c.objc; path = MD5DataSigner.m; sourceTree = "<group>"; };
		776768201BDCB6E0008141CF /* NSDataEx.h */ = {isa = PBXFileReference; fileEncoding = 4; lastKnownFileType = sourcecode.c.h; path = NSDataEx.h; sourceTree = "<group>"; };
		776768211BDCB6E0008141CF /* NSDataEx.m */ = {isa = PBXFileReference; fileEncoding = 4; lastKnownFileType = sourcecode.c.objc; path = NSDataEx.m; sourceTree = "<group>"; };
		776768221BDCB6E0008141CF /* openssl_wrapper.h */ = {isa = PBXFileReference; fileEncoding = 4; lastKnownFileType = sourcecode.c.h; path = openssl_wrapper.h; sourceTree = "<group>"; };
		776768231BDCB6E0008141CF /* openssl_wrapper.m */ = {isa = PBXFileReference; fileEncoding = 4; lastKnownFileType = sourcecode.c.objc; path = openssl_wrapper.m; sourceTree = "<group>"; };
		776768241BDCB6E0008141CF /* RSADataSigner.h */ = {isa = PBXFileReference; fileEncoding = 4; lastKnownFileType = sourcecode.c.h; path = RSADataSigner.h; sourceTree = "<group>"; };
		776768251BDCB6E0008141CF /* RSADataSigner.m */ = {isa = PBXFileReference; fileEncoding = 4; lastKnownFileType = sourcecode.c.objc; path = RSADataSigner.m; sourceTree = "<group>"; };
		776768261BDCB6E0008141CF /* RSADataVerifier.h */ = {isa = PBXFileReference; fileEncoding = 4; lastKnownFileType = sourcecode.c.h; path = RSADataVerifier.h; sourceTree = "<group>"; };
		776768271BDCB6E0008141CF /* RSADataVerifier.m */ = {isa = PBXFileReference; fileEncoding = 4; lastKnownFileType = sourcecode.c.objc; path = RSADataVerifier.m; sourceTree = "<group>"; };
		77C22D151BDCE250008D6DD2 /* AlipaySDK.bundle */ = {isa = PBXFileReference; lastKnownFileType = "wrapper.plug-in"; path = AlipaySDK.bundle; sourceTree = "<group>"; };
		A44BC66A1AEE005E001580AA /* Do_Test.app */ = {isa = PBXFileReference; explicitFileType = wrapper.application; includeInIndex = 0; path = Do_Test.app; sourceTree = BUILT_PRODUCTS_DIR; };
		A44BC66E1AEE005E001580AA /* Info.plist */ = {isa = PBXFileReference; lastKnownFileType = text.plist.xml; path = Info.plist; sourceTree = "<group>"; };
		A44BC66F1AEE005E001580AA /* main.m */ = {isa = PBXFileReference; lastKnownFileType = sourcecode.c.objc; path = main.m; sourceTree = "<group>"; };
		A44BC6711AEE005E001580AA /* AppDelegate.h */ = {isa = PBXFileReference; lastKnownFileType = sourcecode.c.h; path = AppDelegate.h; sourceTree = "<group>"; };
		A44BC6721AEE005E001580AA /* AppDelegate.m */ = {isa = PBXFileReference; lastKnownFileType = sourcecode.c.objc; path = AppDelegate.m; sourceTree = "<group>"; };
		A44BC6741AEE005E001580AA /* ViewController.h */ = {isa = PBXFileReference; lastKnownFileType = sourcecode.c.h; path = ViewController.h; sourceTree = "<group>"; };
		A44BC6751AEE005E001580AA /* ViewController.m */ = {isa = PBXFileReference; lastKnownFileType = sourcecode.c.objc; path = ViewController.m; sourceTree = "<group>"; };
		A44BC67A1AEE005E001580AA /* Images.xcassets */ = {isa = PBXFileReference; lastKnownFileType = folder.assetcatalog; path = Images.xcassets; sourceTree = "<group>"; };
		A44BC67D1AEE005E001580AA /* Base */ = {isa = PBXFileReference; lastKnownFileType = file.xib; name = Base; path = Base.lproj/LaunchScreen.xib; sourceTree = "<group>"; };
		A44BC6941AEE008D001580AA /* doApp.h */ = {isa = PBXFileReference; fileEncoding = 4; lastKnownFileType = sourcecode.c.h; path = doApp.h; sourceTree = "<group>"; };
		A44BC6951AEE008D001580AA /* doApp.m */ = {isa = PBXFileReference; fileEncoding = 4; lastKnownFileType = sourcecode.c.objc; path = doApp.m; sourceTree = "<group>"; };
		A44BC6961AEE008D001580AA /* doIEventCallBack.h */ = {isa = PBXFileReference; fileEncoding = 4; lastKnownFileType = sourcecode.c.h; path = doIEventCallBack.h; sourceTree = "<group>"; };
		A44BC6971AEE008D001580AA /* doLogEngine.h */ = {isa = PBXFileReference; fileEncoding = 4; lastKnownFileType = sourcecode.c.h; path = doLogEngine.h; sourceTree = "<group>"; };
		A44BC6981AEE008D001580AA /* doLogEngine.m */ = {isa = PBXFileReference; fileEncoding = 4; lastKnownFileType = sourcecode.c.objc; path = doLogEngine.m; sourceTree = "<group>"; };
		A44BC6991AEE008D001580AA /* doPage.h */ = {isa = PBXFileReference; fileEncoding = 4; lastKnownFileType = sourcecode.c.h; path = doPage.h; sourceTree = "<group>"; };
		A44BC69A1AEE008D001580AA /* doPage.m */ = {isa = PBXFileReference; fileEncoding = 4; lastKnownFileType = sourcecode.c.objc; path = doPage.m; sourceTree = "<group>"; };
		A44BC69B1AEE008D001580AA /* doScriptEngine.h */ = {isa = PBXFileReference; fileEncoding = 4; lastKnownFileType = sourcecode.c.h; path = doScriptEngine.h; sourceTree = "<group>"; };
		A44BC69C1AEE008D001580AA /* doScriptEngine.m */ = {isa = PBXFileReference; fileEncoding = 4; lastKnownFileType = sourcecode.c.objc; path = doScriptEngine.m; sourceTree = "<group>"; };
		A44BC69D1AEE008D001580AA /* doService.h */ = {isa = PBXFileReference; fileEncoding = 4; lastKnownFileType = sourcecode.c.h; path = doService.h; sourceTree = "<group>"; };
		A44BC69E1AEE008D001580AA /* doService.m */ = {isa = PBXFileReference; fileEncoding = 4; lastKnownFileType = sourcecode.c.objc; path = doService.m; sourceTree = "<group>"; };
		A44BC7B21AEE19CC001580AA /* libdoAlipay_SM.a */ = {isa = PBXFileReference; explicitFileType = archive.ar; includeInIndex = 0; path = libdoAlipay_SM.a; sourceTree = BUILT_PRODUCTS_DIR; };
		A772B6101B27E6170001E1C9 /* do_Alipay_App.h */ = {isa = PBXFileReference; fileEncoding = 4; lastKnownFileType = sourcecode.c.h; name = do_Alipay_App.h; path = doAlipay/do_Alipay_App.h; sourceTree = SOURCE_ROOT; };
		A772B6111B27E6170001E1C9 /* do_Alipay_App.m */ = {isa = PBXFileReference; fileEncoding = 4; lastKnownFileType = sourcecode.c.objc; name = do_Alipay_App.m; path = doAlipay/do_Alipay_App.m; sourceTree = SOURCE_ROOT; };
		A772B6121B27E6170001E1C9 /* do_Alipay_ISM.h */ = {isa = PBXFileReference; fileEncoding = 4; lastKnownFileType = sourcecode.c.h; name = do_Alipay_ISM.h; path = doAlipay/do_Alipay_ISM.h; sourceTree = SOURCE_ROOT; };
		A772B6131B27E6170001E1C9 /* do_Alipay_Order.h */ = {isa = PBXFileReference; fileEncoding = 4; lastKnownFileType = sourcecode.c.h; name = do_Alipay_Order.h; path = doAlipay/do_Alipay_Order.h; sourceTree = SOURCE_ROOT; };
		A772B6141B27E6170001E1C9 /* do_Alipay_Order.m */ = {isa = PBXFileReference; fileEncoding = 4; lastKnownFileType = sourcecode.c.objc; name = do_Alipay_Order.m; path = doAlipay/do_Alipay_Order.m; sourceTree = SOURCE_ROOT; };
		A772B6151B27E6170001E1C9 /* do_Alipay_SM.h */ = {isa = PBXFileReference; fileEncoding = 4; lastKnownFileType = sourcecode.c.h; name = do_Alipay_SM.h; path = doAlipay/do_Alipay_SM.h; sourceTree = SOURCE_ROOT; };
		A772B6161B27E6170001E1C9 /* do_Alipay_SM.m */ = {isa = PBXFileReference; fileEncoding = 4; lastKnownFileType = sourcecode.c.objc; name = do_Alipay_SM.m; path = doAlipay/do_Alipay_SM.m; sourceTree = SOURCE_ROOT; };
		A772B6171B27E6170001E1C9 /* do_Test.json */ = {isa = PBXFileReference; fileEncoding = 4; lastKnownFileType = text.json; name = do_Test.json; path = doAlipay/do_Test.json; sourceTree = SOURCE_ROOT; };
		A772B68D1B27E8050001E1C9 /* AlipaySDK.framework */ = {isa = PBXFileReference; lastKnownFileType = wrapper.framework; name = AlipaySDK.framework; path = AlipaySDK/AlipaySDK.framework; sourceTree = "<group>"; };
		A772B68E1B27E8050001E1C9 /* libcrypto.a */ = {isa = PBXFileReference; lastKnownFileType = archive.ar; name = libcrypto.a; path = AlipaySDK/libcrypto.a; sourceTree = "<group>"; };
		A772B68F1B27E8050001E1C9 /* libssl.a */ = {isa = PBXFileReference; lastKnownFileType = archive.ar; name = libssl.a; path = AlipaySDK/libssl.a; sourceTree = "<group>"; };
		A772B6961B27E87A0001E1C9 /* do_Alipay_Auth.h */ = {isa = PBXFileReference; fileEncoding = 4; lastKnownFileType = sourcecode.c.h; name = do_Alipay_Auth.h; path = doAlipay/do_Alipay_Auth.h; sourceTree = SOURCE_ROOT; };
		A772B6971B27E87A0001E1C9 /* do_Alipay_Auth.m */ = {isa = PBXFileReference; fileEncoding = 4; lastKnownFileType = sourcecode.c.objc; name = do_Alipay_Auth.m; path = doAlipay/do_Alipay_Auth.m; sourceTree = SOURCE_ROOT; };
		A772B69A1B27E8CF0001E1C9 /* Foundation.framework */ = {isa = PBXFileReference; lastKnownFileType = wrapper.framework; name = Foundation.framework; path = System/Library/Frameworks/Foundation.framework; sourceTree = SDKROOT; };
		A772B69E1B27F60E0001E1C9 /* UIKit.framework */ = {isa = PBXFileReference; lastKnownFileType = wrapper.framework; name = UIKit.framework; path = System/Library/Frameworks/UIKit.framework; sourceTree = SDKROOT; };
		A772B6A41B2834AF0001E1C9 /* CoreText.framework */ = {isa = PBXFileReference; lastKnownFileType = wrapper.framework; name = CoreText.framework; path = System/Library/Frameworks/CoreText.framework; sourceTree = SDKROOT; };
		A772B6A61B2836600001E1C9 /* do_Alipay_SM.pch */ = {isa = PBXFileReference; fileEncoding = 4; lastKnownFileType = sourcecode.c.h; path = do_Alipay_SM.pch; sourceTree = "<group>"; };
		CC1195AB1B147F7C00583148 /* doAssetLaunchImage.h */ = {isa = PBXFileReference; lastKnownFileType = sourcecode.c.h; name = doAssetLaunchImage.h; path = Header/doAssetLaunchImage.h; sourceTree = "<group>"; };
		CC1195AC1B147F7C00583148 /* doCallBackTask.h */ = {isa = PBXFileReference; lastKnownFileType = sourcecode.c.h; name = doCallBackTask.h; path = Header/doCallBackTask.h; sourceTree = "<group>"; };
		CC1195AD1B147F7C00583148 /* doDefines.h */ = {isa = PBXFileReference; lastKnownFileType = sourcecode.c.h; name = doDefines.h; path = Header/doDefines.h; sourceTree = "<group>"; };
		CC1195AE1B147F7C00583148 /* doEventCenter.h */ = {isa = PBXFileReference; lastKnownFileType = sourcecode.c.h; name = doEventCenter.h; path = Header/doEventCenter.h; sourceTree = "<group>"; };
		CC1195AF1B147F7C00583148 /* doEventCollection.h */ = {isa = PBXFileReference; lastKnownFileType = sourcecode.c.h; name = doEventCollection.h; path = Header/doEventCollection.h; sourceTree = "<group>"; };
		CC1195B01B147F7C00583148 /* doFileCacheHelper.h */ = {isa = PBXFileReference; lastKnownFileType = sourcecode.c.h; name = doFileCacheHelper.h; path = Header/doFileCacheHelper.h; sourceTree = "<group>"; };
		CC1195B11B147F7C00583148 /* doIAnimation.h */ = {isa = PBXFileReference; lastKnownFileType = sourcecode.c.h; name = doIAnimation.h; path = Header/doIAnimation.h; sourceTree = "<group>"; };
		CC1195B21B147F7C00583148 /* doIApp.h */ = {isa = PBXFileReference; lastKnownFileType = sourcecode.c.h; name = doIApp.h; path = Header/doIApp.h; sourceTree = "<group>"; };
		CC1195B31B147F7C00583148 /* doIAppDelegate.h */ = {isa = PBXFileReference; lastKnownFileType = sourcecode.c.h; name = doIAppDelegate.h; path = Header/doIAppDelegate.h; sourceTree = "<group>"; };
		CC1195B41B147F7C00583148 /* doIAutoLayout.h */ = {isa = PBXFileReference; lastKnownFileType = sourcecode.c.h; name = doIAutoLayout.h; path = Header/doIAutoLayout.h; sourceTree = "<group>"; };
		CC1195B51B147F7C00583148 /* doIConfig.h */ = {isa = PBXFileReference; lastKnownFileType = sourcecode.c.h; name = doIConfig.h; path = Header/doIConfig.h; sourceTree = "<group>"; };
		CC1195B61B147F7C00583148 /* doIDataFS.h */ = {isa = PBXFileReference; lastKnownFileType = sourcecode.c.h; name = doIDataFS.h; path = Header/doIDataFS.h; sourceTree = "<group>"; };
		CC1195B71B147F7C00583148 /* doIDataSource.h */ = {isa = PBXFileReference; lastKnownFileType = sourcecode.c.h; name = doIDataSource.h; path = Header/doIDataSource.h; sourceTree = "<group>"; };
		CC1195B81B147F7C00583148 /* doIGlobal.h */ = {isa = PBXFileReference; lastKnownFileType = sourcecode.c.h; name = doIGlobal.h; path = Header/doIGlobal.h; sourceTree = "<group>"; };
		CC1195B91B147F7C00583148 /* doIHashData.h */ = {isa = PBXFileReference; lastKnownFileType = sourcecode.c.h; name = doIHashData.h; path = Header/doIHashData.h; sourceTree = "<group>"; };
		CC1195BA1B147F7C00583148 /* doIHtmlJavaScript.h */ = {isa = PBXFileReference; lastKnownFileType = sourcecode.c.h; name = doIHtmlJavaScript.h; path = Header/doIHtmlJavaScript.h; sourceTree = "<group>"; };
		CC1195BB1B147F7C00583148 /* doII18NEngine.h */ = {isa = PBXFileReference; lastKnownFileType = sourcecode.c.h; name = doII18NEngine.h; path = Header/doII18NEngine.h; sourceTree = "<group>"; };
		CC1195BC1B147F7C00583148 /* doIListData.h */ = {isa = PBXFileReference; lastKnownFileType = sourcecode.c.h; name = doIListData.h; path = Header/doIListData.h; sourceTree = "<group>"; };
		CC1195BD1B147F7C00583148 /* doILogEngine.h */ = {isa = PBXFileReference; lastKnownFileType = sourcecode.c.h; name = doILogEngine.h; path = Header/doILogEngine.h; sourceTree = "<group>"; };
		CC1195BE1B147F7C00583148 /* doIModuleExtManage.h */ = {isa = PBXFileReference; lastKnownFileType = sourcecode.c.h; name = doIModuleExtManage.h; path = Header/doIModuleExtManage.h; sourceTree = "<group>"; };
		CC1195BF1B147F7C00583148 /* doIMultitonModuleFactory.h */ = {isa = PBXFileReference; lastKnownFileType = sourcecode.c.h; name = doIMultitonModuleFactory.h; path = Header/doIMultitonModuleFactory.h; sourceTree = "<group>"; };
		CC1195C01B147F7C00583148 /* doIMultitonModuleGroup.h */ = {isa = PBXFileReference; lastKnownFileType = sourcecode.c.h; name = doIMultitonModuleGroup.h; path = Header/doIMultitonModuleGroup.h; sourceTree = "<group>"; };
		CC1195C11B147F7C00583148 /* doInvokeResult.h */ = {isa = PBXFileReference; lastKnownFileType = sourcecode.c.h; name = doInvokeResult.h; path = Header/doInvokeResult.h; sourceTree = "<group>"; };
		CC1195C21B147F7C00583148 /* doIOHelper.h */ = {isa = PBXFileReference; lastKnownFileType = sourcecode.c.h; name = doIOHelper.h; path = Header/doIOHelper.h; sourceTree = "<group>"; };
		CC1195C31B147F7C00583148 /* doIPage.h */ = {isa = PBXFileReference; lastKnownFileType = sourcecode.c.h; name = doIPage.h; path = Header/doIPage.h; sourceTree = "<group>"; };
		CC1195C41B147F7C00583148 /* doIPageFactory.h */ = {isa = PBXFileReference; lastKnownFileType = sourcecode.c.h; name = doIPageFactory.h; path = Header/doIPageFactory.h; sourceTree = "<group>"; };
		CC1195C51B147F7C00583148 /* doIPageView.h */ = {isa = PBXFileReference; lastKnownFileType = sourcecode.c.h; name = doIPageView.h; path = Header/doIPageView.h; sourceTree = "<group>"; };
		CC1195C61B147F7C00583148 /* doIPageViewFactory.h */ = {isa = PBXFileReference; lastKnownFileType = sourcecode.c.h; name = doIPageViewFactory.h; path = Header/doIPageViewFactory.h; sourceTree = "<group>"; };
		CC1195C71B147F7C00583148 /* doIScriptEngine.h */ = {isa = PBXFileReference; lastKnownFileType = sourcecode.c.h; name = doIScriptEngine.h; path = Header/doIScriptEngine.h; sourceTree = "<group>"; };
		CC1195C81B147F7C00583148 /* doIScriptEngineFactory.h */ = {isa = PBXFileReference; lastKnownFileType = sourcecode.c.h; name = doIScriptEngineFactory.h; path = Header/doIScriptEngineFactory.h; sourceTree = "<group>"; };
		CC1195C91B147F7C00583148 /* doIScriptEngineGroup.h */ = {isa = PBXFileReference; lastKnownFileType = sourcecode.c.h; name = doIScriptEngineGroup.h; path = Header/doIScriptEngineGroup.h; sourceTree = "<group>"; };
		CC1195CA1B147F7C00583148 /* doISingletonModuleFactory.h */ = {isa = PBXFileReference; lastKnownFileType = sourcecode.c.h; name = doISingletonModuleFactory.h; path = Header/doISingletonModuleFactory.h; sourceTree = "<group>"; };
		CC1195CB1B147F7C00583148 /* doISingletonModuleGroup.h */ = {isa = PBXFileReference; lastKnownFileType = sourcecode.c.h; name = doISingletonModuleGroup.h; path = Header/doISingletonModuleGroup.h; sourceTree = "<group>"; };
		CC1195CC1B147F7C00583148 /* doISourceFS.h */ = {isa = PBXFileReference; lastKnownFileType = sourcecode.c.h; name = doISourceFS.h; path = Header/doISourceFS.h; sourceTree = "<group>"; };
		CC1195CD1B147F7C00583148 /* doIUIModuleFactory.h */ = {isa = PBXFileReference; lastKnownFileType = sourcecode.c.h; name = doIUIModuleFactory.h; path = Header/doIUIModuleFactory.h; sourceTree = "<group>"; };
		CC1195CE1B147F7C00583148 /* doIUIModuleGroup.h */ = {isa = PBXFileReference; lastKnownFileType = sourcecode.c.h; name = doIUIModuleGroup.h; path = Header/doIUIModuleGroup.h; sourceTree = "<group>"; };
		CC1195CF1B147F7C00583148 /* doIUIModuleView.h */ = {isa = PBXFileReference; lastKnownFileType = sourcecode.c.h; name = doIUIModuleView.h; path = Header/doIUIModuleView.h; sourceTree = "<group>"; };
		CC1195D01B147F7C00583148 /* doJsonHelper.h */ = {isa = PBXFileReference; lastKnownFileType = sourcecode.c.h; name = doJsonHelper.h; path = Header/doJsonHelper.h; sourceTree = "<group>"; };
		CC1195D11B147F7C00583148 /* doModule.h */ = {isa = PBXFileReference; lastKnownFileType = sourcecode.c.h; name = doModule.h; path = Header/doModule.h; sourceTree = "<group>"; };
		CC1195D21B147F7C00583148 /* doModuleBase.h */ = {isa = PBXFileReference; lastKnownFileType = sourcecode.c.h; name = doModuleBase.h; path = Header/doModuleBase.h; sourceTree = "<group>"; };
		CC1195D31B147F7C00583148 /* doMultitonModule.h */ = {isa = PBXFileReference; lastKnownFileType = sourcecode.c.h; name = doMultitonModule.h; path = Header/doMultitonModule.h; sourceTree = "<group>"; };
		CC1195D41B147F7C00583148 /* doProperty.h */ = {isa = PBXFileReference; lastKnownFileType = sourcecode.c.h; name = doProperty.h; path = Header/doProperty.h; sourceTree = "<group>"; };
		CC1195D51B147F7C00583148 /* doScriptEngineHelper.h */ = {isa = PBXFileReference; lastKnownFileType = sourcecode.c.h; name = doScriptEngineHelper.h; path = Header/doScriptEngineHelper.h; sourceTree = "<group>"; };
		CC1195D61B147F7C00583148 /* doServiceContainer.h */ = {isa = PBXFileReference; lastKnownFileType = sourcecode.c.h; name = doServiceContainer.h; path = Header/doServiceContainer.h; sourceTree = "<group>"; };
		CC1195D71B147F7C00583148 /* doSingletonModule.h */ = {isa = PBXFileReference; lastKnownFileType = sourcecode.c.h; name = doSingletonModule.h; path = Header/doSingletonModule.h; sourceTree = "<group>"; };
		CC1195D81B147F7C00583148 /* doSingletonModuleHelper.h */ = {isa = PBXFileReference; lastKnownFileType = sourcecode.c.h; name = doSingletonModuleHelper.h; path = Header/doSingletonModuleHelper.h; sourceTree = "<group>"; };
		CC1195D91B147F7C00583148 /* doSourceFile.h */ = {isa = PBXFileReference; lastKnownFileType = sourcecode.c.h; name = doSourceFile.h; path = Header/doSourceFile.h; sourceTree = "<group>"; };
		CC1195DA1B147F7C00583148 /* doStack.h */ = {isa = PBXFileReference; lastKnownFileType = sourcecode.c.h; name = doStack.h; path = Header/doStack.h; sourceTree = "<group>"; };
		CC1195DB1B147F7C00583148 /* doTextHelper.h */ = {isa = PBXFileReference; lastKnownFileType = sourcecode.c.h; name = doTextHelper.h; path = Header/doTextHelper.h; sourceTree = "<group>"; };
		CC1195DC1B147F7C00583148 /* doUIContainer.h */ = {isa = PBXFileReference; lastKnownFileType = sourcecode.c.h; name = doUIContainer.h; path = Header/doUIContainer.h; sourceTree = "<group>"; };
		CC1195DD1B147F7C00583148 /* doUIModule.h */ = {isa = PBXFileReference; lastKnownFileType = sourcecode.c.h; name = doUIModule.h; path = Header/doUIModule.h; sourceTree = "<group>"; };
		CC1195DE1B147F7C00583148 /* doUIModuleCollection.h */ = {isa = PBXFileReference; lastKnownFileType = sourcecode.c.h; name = doUIModuleCollection.h; path = Header/doUIModuleCollection.h; sourceTree = "<group>"; };
		CC1195DF1B147F7C00583148 /* doUIModuleHelper.h */ = {isa = PBXFileReference; lastKnownFileType = sourcecode.c.h; name = doUIModuleHelper.h; path = Header/doUIModuleHelper.h; sourceTree = "<group>"; };
		CC1195E01B147F7C00583148 /* NSData+DoBase64.h */ = {isa = PBXFileReference; lastKnownFileType = sourcecode.c.h; name = "NSData+DoBase64.h"; path = "Header/NSData+DoBase64.h"; sourceTree = "<group>"; };
		CCEB2AC51B09D92A00949C58 /* doModuleExtManage.h */ = {isa = PBXFileReference; fileEncoding = 4; lastKnownFileType = sourcecode.c.h; path = doModuleExtManage.h; sourceTree = "<group>"; };
		CCEB2AC61B09D92A00949C58 /* doModuleExtManage.m */ = {isa = PBXFileReference; fileEncoding = 4; lastKnownFileType = sourcecode.c.objc; path = doModuleExtManage.m; sourceTree = "<group>"; };
		CCEB2AFF1B09D9C700949C58 /* libDoCore.a */ = {isa = PBXFileReference; lastKnownFileType = archive.ar; path = libDoCore.a; sourceTree = "<group>"; };
		CCFAEA901B00B16A00AED8D5 /* doPageViewFactory.h */ = {isa = PBXFileReference; fileEncoding = 4; lastKnownFileType = sourcecode.c.h; path = doPageViewFactory.h; sourceTree = "<group>"; };
		CCFAEA911B00B16A00AED8D5 /* doPageViewFactory.m */ = {isa = PBXFileReference; fileEncoding = 4; lastKnownFileType = sourcecode.c.objc; path = doPageViewFactory.m; sourceTree = "<group>"; };
		CCFAEA981B00ECD800AED8D5 /* ImageIO.framework */ = {isa = PBXFileReference; lastKnownFileType = wrapper.framework; name = ImageIO.framework; path = System/Library/Frameworks/ImageIO.framework; sourceTree = SDKROOT; };
		CCFAEA9A1B00ECF400AED8D5 /* Security.framework */ = {isa = PBXFileReference; lastKnownFileType = wrapper.framework; name = Security.framework; path = System/Library/Frameworks/Security.framework; sourceTree = SDKROOT; };
		CCFAEA9C1B00ED1C00AED8D5 /* CoreGraphics.framework */ = {isa = PBXFileReference; lastKnownFileType = wrapper.framework; name = CoreGraphics.framework; path = System/Library/Frameworks/CoreGraphics.framework; sourceTree = SDKROOT; };
		CCFAEA9E1B00ED3000AED8D5 /* SystemConfiguration.framework */ = {isa = PBXFileReference; lastKnownFileType = wrapper.framework; name = SystemConfiguration.framework; path = System/Library/Frameworks/SystemConfiguration.framework; sourceTree = SDKROOT; };
		CCFAEAA01B00ED4600AED8D5 /* OpenGLES.framework */ = {isa = PBXFileReference; lastKnownFileType = wrapper.framework; name = OpenGLES.framework; path = System/Library/Frameworks/OpenGLES.framework; sourceTree = SDKROOT; };
		CCFAEAA21B00ED5800AED8D5 /* QuartzCore.framework */ = {isa = PBXFileReference; lastKnownFileType = wrapper.framework; name = QuartzCore.framework; path = System/Library/Frameworks/QuartzCore.framework; sourceTree = SDKROOT; };
		CCFAEAA41B00ED6B00AED8D5 /* CoreLocation.framework */ = {isa = PBXFileReference; lastKnownFileType = wrapper.framework; name = CoreLocation.framework; path = System/Library/Frameworks/CoreLocation.framework; sourceTree = SDKROOT; };
		CCFAEAA61B00ED8700AED8D5 /* libresolv.dylib */ = {isa = PBXFileReference; lastKnownFileType = "compiled.mach-o.dylib"; name = libresolv.dylib; path = usr/lib/libresolv.dylib; sourceTree = SDKROOT; };
		CCFAEAA81B00ED9A00AED8D5 /* libstdc++.6.0.9.dylib */ = {isa = PBXFileReference; lastKnownFileType = "compiled.mach-o.dylib"; name = "libstdc++.6.0.9.dylib"; path = "usr/lib/libstdc++.6.0.9.dylib"; sourceTree = SDKROOT; };
		CCFAEAAA1B00EDAB00AED8D5 /* CFNetwork.framework */ = {isa = PBXFileReference; lastKnownFileType = wrapper.framework; name = CFNetwork.framework; path = System/Library/Frameworks/CFNetwork.framework; sourceTree = SDKROOT; };
		CCFAEAAC1B00EDBD00AED8D5 /* MobileCoreServices.framework */ = {isa = PBXFileReference; lastKnownFileType = wrapper.framework; name = MobileCoreServices.framework; path = System/Library/Frameworks/MobileCoreServices.framework; sourceTree = SDKROOT; };
		CCFAEAAE1B00EDE200AED8D5 /* libiconv.dylib */ = {isa = PBXFileReference; lastKnownFileType = "compiled.mach-o.dylib"; name = libiconv.dylib; path = usr/lib/libiconv.dylib; sourceTree = SDKROOT; };
		CCFAEAB01B00EDF600AED8D5 /* libxml2.dylib */ = {isa = PBXFileReference; lastKnownFileType = "compiled.mach-o.dylib"; name = libxml2.dylib; path = usr/lib/libxml2.dylib; sourceTree = SDKROOT; };
		CCFAEAB21B00EE0700AED8D5 /* libsqlite3.dylib */ = {isa = PBXFileReference; lastKnownFileType = "compiled.mach-o.dylib"; name = libsqlite3.dylib; path = usr/lib/libsqlite3.dylib; sourceTree = SDKROOT; };
		CCFAEAB41B00EE1D00AED8D5 /* AVFoundation.framework */ = {isa = PBXFileReference; lastKnownFileType = wrapper.framework; name = AVFoundation.framework; path = System/Library/Frameworks/AVFoundation.framework; sourceTree = SDKROOT; };
		CCFAEAB61B00EE2F00AED8D5 /* MessageUI.framework */ = {isa = PBXFileReference; lastKnownFileType = wrapper.framework; name = MessageUI.framework; path = System/Library/Frameworks/MessageUI.framework; sourceTree = SDKROOT; };
		CCFAEAB81B00EED800AED8D5 /* AudioToolbox.framework */ = {isa = PBXFileReference; lastKnownFileType = wrapper.framework; name = AudioToolbox.framework; path = System/Library/Frameworks/AudioToolbox.framework; sourceTree = SDKROOT; };
		CCFAEABA1B00EF0C00AED8D5 /* CoreTelephony.framework */ = {isa = PBXFileReference; lastKnownFileType = wrapper.framework; name = CoreTelephony.framework; path = System/Library/Frameworks/CoreTelephony.framework; sourceTree = SDKROOT; };
		CCFAEABC1B00EF2000AED8D5 /* libz.dylib */ = {isa = PBXFileReference; lastKnownFileType = "compiled.mach-o.dylib"; name = libz.dylib; path = usr/lib/libz.dylib; sourceTree = SDKROOT; };
		CCFAEABE1B00EF4800AED8D5 /* libstdc++.dylib */ = {isa = PBXFileReference; lastKnownFileType = "compiled.mach-o.dylib"; name = "libstdc++.dylib"; path = "usr/lib/libstdc++.dylib"; sourceTree = SDKROOT; };
		CCFAEAC01B00EF6300AED8D5 /* libicucore.dylib */ = {isa = PBXFileReference; lastKnownFileType = "compiled.mach-o.dylib"; name = libicucore.dylib; path = usr/lib/libicucore.dylib; sourceTree = SDKROOT; };
		CCFAEAC21B00EF6A00AED8D5 /* JavaScriptCore.framework */ = {isa = PBXFileReference; lastKnownFileType = wrapper.framework; name = JavaScriptCore.framework; path = System/Library/Frameworks/JavaScriptCore.framework; sourceTree = SDKROOT; };
		CCFAEAC61B0182C600AED8D5 /* doDataFs.h */ = {isa = PBXFileReference; fileEncoding = 4; lastKnownFileType = sourcecode.c.h; path = doDataFs.h; sourceTree = "<group>"; };
		CCFAEAC71B0182C600AED8D5 /* doDataFs.m */ = {isa = PBXFileReference; fileEncoding = 4; lastKnownFileType = sourcecode.c.objc; path = doDataFs.m; sourceTree = "<group>"; };
		CCFAEB3D1B046D8300AED8D5 /* doModuleFactory.h */ = {isa = PBXFileReference; fileEncoding = 4; lastKnownFileType = sourcecode.c.h; path = doModuleFactory.h; sourceTree = "<group>"; };
		CCFAEB3E1B046D8300AED8D5 /* doModuleFactory.m */ = {isa = PBXFileReference; fileEncoding = 4; lastKnownFileType = sourcecode.c.objc; path = doModuleFactory.m; sourceTree = "<group>"; };
/* End PBXFileReference section */

/* Begin PBXFrameworksBuildPhase section */
		A44BC6671AEE005E001580AA /* Frameworks */ = {
			isa = PBXFrameworksBuildPhase;
			buildActionMask = 2147483647;
			files = (
				CCFAEAC31B00EF6A00AED8D5 /* JavaScriptCore.framework in Frameworks */,
				CCFAEAC11B00EF6300AED8D5 /* libicucore.dylib in Frameworks */,
				CCFAEABF1B00EF4800AED8D5 /* libstdc++.dylib in Frameworks */,
				CCFAEABD1B00EF2000AED8D5 /* libz.dylib in Frameworks */,
				CCFAEABB1B00EF0C00AED8D5 /* CoreTelephony.framework in Frameworks */,
				CCFAEAB91B00EED800AED8D5 /* AudioToolbox.framework in Frameworks */,
				CCFAEAB71B00EE2F00AED8D5 /* MessageUI.framework in Frameworks */,
				CCEB2B001B09D9C700949C58 /* libDoCore.a in Frameworks */,
				CCFAEAB51B00EE1D00AED8D5 /* AVFoundation.framework in Frameworks */,
				CCFAEAB31B00EE0700AED8D5 /* libsqlite3.dylib in Frameworks */,
				CCFAEAB11B00EDF600AED8D5 /* libxml2.dylib in Frameworks */,
				A772B6921B27E8050001E1C9 /* libcrypto.a in Frameworks */,
				CCFAEAAF1B00EDE200AED8D5 /* libiconv.dylib in Frameworks */,
				CCFAEAAD1B00EDBD00AED8D5 /* MobileCoreServices.framework in Frameworks */,
				CCFAEAAB1B00EDAB00AED8D5 /* CFNetwork.framework in Frameworks */,
				CCFAEAA91B00ED9A00AED8D5 /* libstdc++.6.0.9.dylib in Frameworks */,
				CCFAEAA71B00ED8700AED8D5 /* libresolv.dylib in Frameworks */,
				CCFAEAA51B00ED6B00AED8D5 /* CoreLocation.framework in Frameworks */,
				A772B6901B27E8050001E1C9 /* AlipaySDK.framework in Frameworks */,
				CCFAEAA31B00ED5800AED8D5 /* QuartzCore.framework in Frameworks */,
				CCFAEAA11B00ED4600AED8D5 /* OpenGLES.framework in Frameworks */,
				CCFAEA9F1B00ED3000AED8D5 /* SystemConfiguration.framework in Frameworks */,
				CCFAEA9D1B00ED1C00AED8D5 /* CoreGraphics.framework in Frameworks */,
				CCFAEA9B1B00ECF400AED8D5 /* Security.framework in Frameworks */,
				A772B6941B27E8050001E1C9 /* libssl.a in Frameworks */,
				CCFAEA991B00ECD800AED8D5 /* ImageIO.framework in Frameworks */,
			);
			runOnlyForDeploymentPostprocessing = 0;
		};
		A44BC7AF1AEE19CC001580AA /* Frameworks */ = {
			isa = PBXFrameworksBuildPhase;
			buildActionMask = 2147483647;
			files = (
				776766251BDBE72A008141CF /* QuartzCore.framework in Frameworks */,
				776765BC1BDBD462008141CF /* AlipaySDK.framework in Frameworks */,
				A772B6931B27E8050001E1C9 /* libcrypto.a in Frameworks */,
				A772B6951B27E8050001E1C9 /* libssl.a in Frameworks */,
				A772B6A51B2834AF0001E1C9 /* CoreText.framework in Frameworks */,
				A772B6A31B2834A30001E1C9 /* CoreTelephony.framework in Frameworks */,
				A772B6A21B2834930001E1C9 /* CoreGraphics.framework in Frameworks */,
				A772B69F1B27F60E0001E1C9 /* UIKit.framework in Frameworks */,
				A772B69D1B27E93F0001E1C9 /* libz.dylib in Frameworks */,
				A772B69C1B27E9080001E1C9 /* SystemConfiguration.framework in Frameworks */,
				A772B69B1B27E8CF0001E1C9 /* Foundation.framework in Frameworks */,
			);
			runOnlyForDeploymentPostprocessing = 0;
		};
/* End PBXFrameworksBuildPhase section */

/* Begin PBXGroup section */
		7767646C1BDBA4E0008141CF /* openssl */ = {
			isa = PBXGroup;
			children = (
				7767646D1BDBA4E0008141CF /* aes.h */,
				7767646E1BDBA4E0008141CF /* asn1.h */,
				7767646F1BDBA4E0008141CF /* asn1_mac.h */,
				776764701BDBA4E0008141CF /* asn1t.h */,
				776764711BDBA4E0008141CF /* bio.h */,
				776764721BDBA4E0008141CF /* blowfish.h */,
				776764731BDBA4E0008141CF /* bn.h */,
				776764741BDBA4E0008141CF /* buffer.h */,
				776764751BDBA4E0008141CF /* camellia.h */,
				776764761BDBA4E0008141CF /* cast.h */,
				776764771BDBA4E0008141CF /* cmac.h */,
				776764781BDBA4E0008141CF /* cms.h */,
				776764791BDBA4E0008141CF /* comp.h */,
				7767647A1BDBA4E0008141CF /* conf.h */,
				7767647B1BDBA4E0008141CF /* conf_api.h */,
				7767647C1BDBA4E0008141CF /* crypto.h */,
				7767647D1BDBA4E0008141CF /* des.h */,
				7767647E1BDBA4E0008141CF /* des_old.h */,
				7767647F1BDBA4E0008141CF /* dh.h */,
				776764801BDBA4E0008141CF /* dsa.h */,
				776764811BDBA4E0008141CF /* dso.h */,
				776764821BDBA4E0008141CF /* dtls1.h */,
				776764831BDBA4E0008141CF /* e_os2.h */,
				776764841BDBA4E0008141CF /* ebcdic.h */,
				776764851BDBA4E0008141CF /* ec.h */,
				776764861BDBA4E0008141CF /* ecdh.h */,
				776764871BDBA4E0008141CF /* ecdsa.h */,
				776764881BDBA4E0008141CF /* engine.h */,
				776764891BDBA4E0008141CF /* err.h */,
				7767648A1BDBA4E0008141CF /* evp.h */,
				7767648B1BDBA4E0008141CF /* hmac.h */,
				7767648C1BDBA4E0008141CF /* idea.h */,
				7767648D1BDBA4E0008141CF /* krb5_asn.h */,
				7767648E1BDBA4E0008141CF /* kssl.h */,
				7767648F1BDBA4E0008141CF /* lhash.h */,
				776764901BDBA4E0008141CF /* md4.h */,
				776764911BDBA4E0008141CF /* md5.h */,
				776764921BDBA4E0008141CF /* mdc2.h */,
				776764931BDBA4E0008141CF /* modes.h */,
				776764941BDBA4E0008141CF /* obj_mac.h */,
				776764951BDBA4E0008141CF /* objects.h */,
				776764961BDBA4E0008141CF /* ocsp.h */,
				776764971BDBA4E0008141CF /* opensslconf.h */,
				776764981BDBA4E0008141CF /* opensslv.h */,
				776764991BDBA4E0008141CF /* ossl_typ.h */,
				7767649A1BDBA4E0008141CF /* pem.h */,
				7767649B1BDBA4E0008141CF /* pem2.h */,
				7767649C1BDBA4E0008141CF /* pkcs12.h */,
				7767649D1BDBA4E0008141CF /* pkcs7.h */,
				7767649E1BDBA4E0008141CF /* pqueue.h */,
				7767649F1BDBA4E0008141CF /* rand.h */,
				776764A01BDBA4E0008141CF /* rc2.h */,
				776764A11BDBA4E0008141CF /* rc4.h */,
				776764A21BDBA4E0008141CF /* ripemd.h */,
				776764A31BDBA4E0008141CF /* rsa.h */,
				776764A41BDBA4E0008141CF /* safestack.h */,
				776764A51BDBA4E0008141CF /* seed.h */,
				776764A61BDBA4E0008141CF /* sha.h */,
				776764A71BDBA4E0008141CF /* srp.h */,
				776764A81BDBA4E0008141CF /* srtp.h */,
				776764A91BDBA4E0008141CF /* ssl.h */,
				776764AA1BDBA4E0008141CF /* ssl2.h */,
				776764AB1BDBA4E0008141CF /* ssl23.h */,
				776764AC1BDBA4E0008141CF /* ssl3.h */,
				776764AD1BDBA4E0008141CF /* stack.h */,
				776764AE1BDBA4E0008141CF /* symhacks.h */,
				776764AF1BDBA4E0008141CF /* tls1.h */,
				776764B01BDBA4E0008141CF /* ts.h */,
				776764B11BDBA4E0008141CF /* txt_db.h */,
				776764B21BDBA4E0008141CF /* ui.h */,
				776764B31BDBA4E0008141CF /* ui_compat.h */,
				776764B41BDBA4E0008141CF /* whrlpool.h */,
				776764B51BDBA4E0008141CF /* x509.h */,
				776764B61BDBA4E0008141CF /* x509_vfy.h */,
				776764B71BDBA4E0008141CF /* x509v3.h */,
			);
			name = openssl;
			path = doAlipay/openssl;
			sourceTree = SOURCE_ROOT;
		};
		776768161BDCB6E0008141CF /* Util */ = {
			isa = PBXGroup;
			children = (
				776768171BDCB6E0008141CF /* base64.h */,
				776768181BDCB6E0008141CF /* base64.m */,
				776768191BDCB6E0008141CF /* config.h */,
				7767681A1BDCB6E0008141CF /* DataSigner.h */,
				7767681B1BDCB6E0008141CF /* DataSigner.m */,
				7767681C1BDCB6E0008141CF /* DataVerifier.h */,
				7767681D1BDCB6E0008141CF /* DataVerifier.m */,
				7767681E1BDCB6E0008141CF /* MD5DataSigner.h */,
				7767681F1BDCB6E0008141CF /* MD5DataSigner.m */,
				776768201BDCB6E0008141CF /* NSDataEx.h */,
				776768211BDCB6E0008141CF /* NSDataEx.m */,
				776768221BDCB6E0008141CF /* openssl_wrapper.h */,
				776768231BDCB6E0008141CF /* openssl_wrapper.m */,
				776768241BDCB6E0008141CF /* RSADataSigner.h */,
				776768251BDCB6E0008141CF /* RSADataSigner.m */,
				776768261BDCB6E0008141CF /* RSADataVerifier.h */,
				776768271BDCB6E0008141CF /* RSADataVerifier.m */,
			);
			name = Util;
			path = doAlipay/Util;
			sourceTree = SOURCE_ROOT;
		};
		A44BC6611AEE005E001580AA = {
			isa = PBXGroup;
			children = (
				77C22D151BDCE250008D6DD2 /* AlipaySDK.bundle */,
				A772B6A41B2834AF0001E1C9 /* CoreText.framework */,
				CCFAEAC51B00F00C00AED8D5 /* lib */,
				A44BC66C1AEE005E001580AA /* Do_Test */,
				A44BC7B31AEE19CD001580AA /* doAlipay */,
				A44BC66B1AEE005E001580AA /* Products */,
			);
			sourceTree = "<group>";
		};
		A44BC66B1AEE005E001580AA /* Products */ = {
			isa = PBXGroup;
			children = (
				A44BC66A1AEE005E001580AA /* Do_Test.app */,
				A44BC7B21AEE19CC001580AA /* libdoAlipay_SM.a */,
			);
			name = Products;
			sourceTree = "<group>";
		};
		A44BC66C1AEE005E001580AA /* Do_Test */ = {
			isa = PBXGroup;
			children = (
				A44BC6B41AEE00A2001580AA /* doCore */,
				A44BC6931AEE008D001580AA /* doFrame */,
				A44BC6711AEE005E001580AA /* AppDelegate.h */,
				A44BC6721AEE005E001580AA /* AppDelegate.m */,
				A44BC6741AEE005E001580AA /* ViewController.h */,
				A44BC6751AEE005E001580AA /* ViewController.m */,
				A44BC67A1AEE005E001580AA /* Images.xcassets */,
				A44BC67C1AEE005E001580AA /* LaunchScreen.xib */,
				A44BC66D1AEE005E001580AA /* Supporting Files */,
			);
			path = Do_Test;
			sourceTree = "<group>";
		};
		A44BC66D1AEE005E001580AA /* Supporting Files */ = {
			isa = PBXGroup;
			children = (
				A44BC66E1AEE005E001580AA /* Info.plist */,
				A44BC66F1AEE005E001580AA /* main.m */,
				A772B6A61B2836600001E1C9 /* do_Alipay_SM.pch */,
			);
			name = "Supporting Files";
			sourceTree = "<group>";
		};
		A44BC6931AEE008D001580AA /* doFrame */ = {
			isa = PBXGroup;
			children = (
				A44BC6941AEE008D001580AA /* doApp.h */,
				A44BC6951AEE008D001580AA /* doApp.m */,
				A44BC6961AEE008D001580AA /* doIEventCallBack.h */,
				A44BC6971AEE008D001580AA /* doLogEngine.h */,
				A44BC6981AEE008D001580AA /* doLogEngine.m */,
				A44BC6991AEE008D001580AA /* doPage.h */,
				A44BC69A1AEE008D001580AA /* doPage.m */,
				A44BC69B1AEE008D001580AA /* doScriptEngine.h */,
				A44BC69C1AEE008D001580AA /* doScriptEngine.m */,
				A44BC69D1AEE008D001580AA /* doService.h */,
				A44BC69E1AEE008D001580AA /* doService.m */,
				CCFAEA901B00B16A00AED8D5 /* doPageViewFactory.h */,
				CCFAEA911B00B16A00AED8D5 /* doPageViewFactory.m */,
				CCFAEAC61B0182C600AED8D5 /* doDataFs.h */,
				CCFAEAC71B0182C600AED8D5 /* doDataFs.m */,
				CCFAEB3D1B046D8300AED8D5 /* doModuleFactory.h */,
				CCFAEB3E1B046D8300AED8D5 /* doModuleFactory.m */,
				CCEB2AC51B09D92A00949C58 /* doModuleExtManage.h */,
				CCEB2AC61B09D92A00949C58 /* doModuleExtManage.m */,
			);
			path = doFrame;
			sourceTree = "<group>";
		};
		A44BC6B41AEE00A2001580AA /* doCore */ = {
			isa = PBXGroup;
			children = (
				CC1195AB1B147F7C00583148 /* doAssetLaunchImage.h */,
				CC1195AC1B147F7C00583148 /* doCallBackTask.h */,
				CC1195AD1B147F7C00583148 /* doDefines.h */,
				CC1195AE1B147F7C00583148 /* doEventCenter.h */,
				CC1195AF1B147F7C00583148 /* doEventCollection.h */,
				CC1195B01B147F7C00583148 /* doFileCacheHelper.h */,
				CC1195B11B147F7C00583148 /* doIAnimation.h */,
				CC1195B21B147F7C00583148 /* doIApp.h */,
				CC1195B31B147F7C00583148 /* doIAppDelegate.h */,
				CC1195B41B147F7C00583148 /* doIAutoLayout.h */,
				CC1195B51B147F7C00583148 /* doIConfig.h */,
				CC1195B61B147F7C00583148 /* doIDataFS.h */,
				CC1195B71B147F7C00583148 /* doIDataSource.h */,
				CC1195B81B147F7C00583148 /* doIGlobal.h */,
				CC1195B91B147F7C00583148 /* doIHashData.h */,
				CC1195BA1B147F7C00583148 /* doIHtmlJavaScript.h */,
				CC1195BB1B147F7C00583148 /* doII18NEngine.h */,
				CC1195BC1B147F7C00583148 /* doIListData.h */,
				CC1195BD1B147F7C00583148 /* doILogEngine.h */,
				CC1195BE1B147F7C00583148 /* doIModuleExtManage.h */,
				CC1195BF1B147F7C00583148 /* doIMultitonModuleFactory.h */,
				CC1195C01B147F7C00583148 /* doIMultitonModuleGroup.h */,
				CC1195C11B147F7C00583148 /* doInvokeResult.h */,
				CC1195C21B147F7C00583148 /* doIOHelper.h */,
				CC1195C31B147F7C00583148 /* doIPage.h */,
				CC1195C41B147F7C00583148 /* doIPageFactory.h */,
				CC1195C51B147F7C00583148 /* doIPageView.h */,
				CC1195C61B147F7C00583148 /* doIPageViewFactory.h */,
				CC1195C71B147F7C00583148 /* doIScriptEngine.h */,
				CC1195C81B147F7C00583148 /* doIScriptEngineFactory.h */,
				CC1195C91B147F7C00583148 /* doIScriptEngineGroup.h */,
				CC1195CA1B147F7C00583148 /* doISingletonModuleFactory.h */,
				CC1195CB1B147F7C00583148 /* doISingletonModuleGroup.h */,
				CC1195CC1B147F7C00583148 /* doISourceFS.h */,
				CC1195CD1B147F7C00583148 /* doIUIModuleFactory.h */,
				CC1195CE1B147F7C00583148 /* doIUIModuleGroup.h */,
				CC1195CF1B147F7C00583148 /* doIUIModuleView.h */,
				CC1195D01B147F7C00583148 /* doJsonHelper.h */,
				CC1195D11B147F7C00583148 /* doModule.h */,
				CC1195D21B147F7C00583148 /* doModuleBase.h */,
				CC1195D31B147F7C00583148 /* doMultitonModule.h */,
				CC1195D41B147F7C00583148 /* doProperty.h */,
				CC1195D51B147F7C00583148 /* doScriptEngineHelper.h */,
				CC1195D61B147F7C00583148 /* doServiceContainer.h */,
				CC1195D71B147F7C00583148 /* doSingletonModule.h */,
				CC1195D81B147F7C00583148 /* doSingletonModuleHelper.h */,
				CC1195D91B147F7C00583148 /* doSourceFile.h */,
				CC1195DA1B147F7C00583148 /* doStack.h */,
				CC1195DB1B147F7C00583148 /* doTextHelper.h */,
				CC1195DC1B147F7C00583148 /* doUIContainer.h */,
				CC1195DD1B147F7C00583148 /* doUIModule.h */,
				CC1195DE1B147F7C00583148 /* doUIModuleCollection.h */,
				CC1195DF1B147F7C00583148 /* doUIModuleHelper.h */,
				CC1195E01B147F7C00583148 /* NSData+DoBase64.h */,
				CCEB2AC81B09D9C700949C58 /* Header */,
				CCEB2AFF1B09D9C700949C58 /* libDoCore.a */,
			);
			path = doCore;
			sourceTree = "<group>";
		};
		A44BC7B31AEE19CD001580AA /* doAlipay */ = {
			isa = PBXGroup;
			children = (
				776768161BDCB6E0008141CF /* Util */,
				7767646C1BDBA4E0008141CF /* openssl */,
				A772B6101B27E6170001E1C9 /* do_Alipay_App.h */,
				A772B6111B27E6170001E1C9 /* do_Alipay_App.m */,
				A772B6121B27E6170001E1C9 /* do_Alipay_ISM.h */,
				A772B6131B27E6170001E1C9 /* do_Alipay_Order.h */,
				A772B6141B27E6170001E1C9 /* do_Alipay_Order.m */,
				A772B6151B27E6170001E1C9 /* do_Alipay_SM.h */,
				A772B6161B27E6170001E1C9 /* do_Alipay_SM.m */,
				A772B6171B27E6170001E1C9 /* do_Test.json */,
				A772B6961B27E87A0001E1C9 /* do_Alipay_Auth.h */,
				A772B6971B27E87A0001E1C9 /* do_Alipay_Auth.m */,
			);
			name = doAlipay;
			path = doExtLib;
			sourceTree = "<group>";
		};
		CCEB2AC81B09D9C700949C58 /* Header */ = {
			isa = PBXGroup;
			children = (
			);
			path = Header;
			sourceTree = "<group>";
		};
		CCFAEAC51B00F00C00AED8D5 /* lib */ = {
			isa = PBXGroup;
			children = (
				CCFAEAC21B00EF6A00AED8D5 /* JavaScriptCore.framework */,
				CCFAEAC01B00EF6300AED8D5 /* libicucore.dylib */,
				CCFAEABE1B00EF4800AED8D5 /* libstdc++.dylib */,
				A772B68D1B27E8050001E1C9 /* AlipaySDK.framework */,
				A772B68E1B27E8050001E1C9 /* libcrypto.a */,
				A772B68F1B27E8050001E1C9 /* libssl.a */,
				CCFAEABC1B00EF2000AED8D5 /* libz.dylib */,
				A772B69E1B27F60E0001E1C9 /* UIKit.framework */,
				A772B69A1B27E8CF0001E1C9 /* Foundation.framework */,
				CCFAEABA1B00EF0C00AED8D5 /* CoreTelephony.framework */,
				CCFAEAB81B00EED800AED8D5 /* AudioToolbox.framework */,
				CCFAEAB61B00EE2F00AED8D5 /* MessageUI.framework */,
				CCFAEAB41B00EE1D00AED8D5 /* AVFoundation.framework */,
				CCFAEAB21B00EE0700AED8D5 /* libsqlite3.dylib */,
				CCFAEAB01B00EDF600AED8D5 /* libxml2.dylib */,
				CCFAEAAE1B00EDE200AED8D5 /* libiconv.dylib */,
				CCFAEAAC1B00EDBD00AED8D5 /* MobileCoreServices.framework */,
				CCFAEAAA1B00EDAB00AED8D5 /* CFNetwork.framework */,
				CCFAEAA81B00ED9A00AED8D5 /* libstdc++.6.0.9.dylib */,
				CCFAEAA61B00ED8700AED8D5 /* libresolv.dylib */,
				CCFAEAA41B00ED6B00AED8D5 /* CoreLocation.framework */,
				CCFAEAA21B00ED5800AED8D5 /* QuartzCore.framework */,
				CCFAEAA01B00ED4600AED8D5 /* OpenGLES.framework */,
				CCFAEA9E1B00ED3000AED8D5 /* SystemConfiguration.framework */,
				CCFAEA9C1B00ED1C00AED8D5 /* CoreGraphics.framework */,
				CCFAEA9A1B00ECF400AED8D5 /* Security.framework */,
				CCFAEA981B00ECD800AED8D5 /* ImageIO.framework */,
			);
			name = lib;
			sourceTree = "<group>";
		};
/* End PBXGroup section */

/* Begin PBXNativeTarget section */
		A44BC6691AEE005E001580AA /* Do_Test */ = {
			isa = PBXNativeTarget;
			buildConfigurationList = A44BC68D1AEE005F001580AA /* Build configuration list for PBXNativeTarget "Do_Test" */;
			buildPhases = (
				A44BC6661AEE005E001580AA /* Sources */,
				A44BC6671AEE005E001580AA /* Frameworks */,
				A44BC6681AEE005E001580AA /* Resources */,
			);
			buildRules = (
			);
			dependencies = (
			);
			name = Do_Test;
			productName = Do_Test;
			productReference = A44BC66A1AEE005E001580AA /* Do_Test.app */;
			productType = "com.apple.product-type.application";
		};
		A44BC7B11AEE19CC001580AA /* doAlipay_SM */ = {
			isa = PBXNativeTarget;
			buildConfigurationList = A44BC7C71AEE19CD001580AA /* Build configuration list for PBXNativeTarget "doAlipay_SM" */;
			buildPhases = (
				A44BC7AE1AEE19CC001580AA /* Sources */,
				A44BC7AF1AEE19CC001580AA /* Frameworks */,
				A44BC7B01AEE19CC001580AA /* CopyFiles */,
			);
			buildRules = (
			);
			dependencies = (
			);
			name = doAlipay_SM;
			productName = doExtLib;
			productReference = A44BC7B21AEE19CC001580AA /* libdoAlipay_SM.a */;
			productType = "com.apple.product-type.library.static";
		};
/* End PBXNativeTarget section */

/* Begin PBXProject section */
		A44BC6621AEE005E001580AA /* Project object */ = {
			isa = PBXProject;
			attributes = {
				LastUpgradeCheck = 0610;
				ORGANIZATIONNAME = DoAlipay;
				TargetAttributes = {
					A44BC6691AEE005E001580AA = {
						CreatedOnToolsVersion = 6.1;
					};
					A44BC7B11AEE19CC001580AA = {
						CreatedOnToolsVersion = 6.1;
					};
				};
			};
			buildConfigurationList = A44BC6651AEE005E001580AA /* Build configuration list for PBXProject "DoAlipay_SM" */;
			compatibilityVersion = "Xcode 3.2";
			developmentRegion = English;
			hasScannedForEncodings = 0;
			knownRegions = (
				en,
				Base,
			);
			mainGroup = A44BC6611AEE005E001580AA;
			productRefGroup = A44BC66B1AEE005E001580AA /* Products */;
			projectDirPath = "";
			projectRoot = "";
			targets = (
				A44BC6691AEE005E001580AA /* Do_Test */,
				A44BC7B11AEE19CC001580AA /* doAlipay_SM */,
			);
		};
/* End PBXProject section */

/* Begin PBXResourcesBuildPhase section */
		A44BC6681AEE005E001580AA /* Resources */ = {
			isa = PBXResourcesBuildPhase;
			buildActionMask = 2147483647;
			files = (
				77C22D161BDCE250008D6DD2 /* AlipaySDK.bundle in Resources */,
				A772B61E1B27E6170001E1C9 /* do_Test.json in Resources */,
				A44BC67B1AEE005E001580AA /* Images.xcassets in Resources */,
			);
			runOnlyForDeploymentPostprocessing = 0;
		};
/* End PBXResourcesBuildPhase section */

/* Begin PBXSourcesBuildPhase section */
		A44BC6661AEE005E001580AA /* Sources */ = {
			isa = PBXSourcesBuildPhase;
			buildActionMask = 2147483647;
			files = (
				7767682D1BDCB6E0008141CF /* openssl_wrapper.m in Sources */,
				A44BC6761AEE005E001580AA /* ViewController.m in Sources */,
				CCEB2AC71B09D92A00949C58 /* doModuleExtManage.m in Sources */,
				7767682C1BDCB6E0008141CF /* NSDataEx.m in Sources */,
				A44BC6A01AEE008D001580AA /* doLogEngine.m in Sources */,
				A772B61A1B27E6170001E1C9 /* do_Alipay_Order.m in Sources */,
				CCFAEAC81B0182C600AED8D5 /* doDataFs.m in Sources */,
				CCFAEA921B00B16A00AED8D5 /* doPageViewFactory.m in Sources */,
				CCFAEB3F1B046D8300AED8D5 /* doModuleFactory.m in Sources */,
				A44BC6A31AEE008D001580AA /* doService.m in Sources */,
				A44BC6731AEE005E001580AA /* AppDelegate.m in Sources */,
				A44BC6A11AEE008D001580AA /* doPage.m in Sources */,
				7767682B1BDCB6E0008141CF /* MD5DataSigner.m in Sources */,
				A44BC69F1AEE008D001580AA /* doApp.m in Sources */,
				A44BC6701AEE005E001580AA /* main.m in Sources */,
				7767682E1BDCB6E0008141CF /* RSADataSigner.m in Sources */,
				7767682F1BDCB6E0008141CF /* RSADataVerifier.m in Sources */,
				A44BC6A21AEE008D001580AA /* doScriptEngine.m in Sources */,
				A772B61C1B27E6170001E1C9 /* do_Alipay_SM.m in Sources */,
				A772B6981B27E87A0001E1C9 /* do_Alipay_Auth.m in Sources */,
				776768291BDCB6E0008141CF /* DataSigner.m in Sources */,
				A772B6181B27E6170001E1C9 /* do_Alipay_App.m in Sources */,
				776768281BDCB6E0008141CF /* base64.m in Sources */,
				7767682A1BDCB6E0008141CF /* DataVerifier.m in Sources */,
			);
			runOnlyForDeploymentPostprocessing = 0;
		};
		A44BC7AE1AEE19CC001580AA /* Sources */ = {
			isa = PBXSourcesBuildPhase;
			buildActionMask = 2147483647;
			files = (
				7767683C1BDCBE9B008141CF /* base64.m in Sources */,
				7767683D1BDCBE9B008141CF /* config.h in Sources */,
				7767683E1BDCBE9B008141CF /* DataSigner.m in Sources */,
				7767683F1BDCBE9B008141CF /* DataVerifier.m in Sources */,
				776768401BDCBE9B008141CF /* MD5DataSigner.m in Sources */,
				776768411BDCBE9B008141CF /* NSDataEx.m in Sources */,
				776768421BDCBE9B008141CF /* openssl_wrapper.m in Sources */,
				776768431BDCBE9B008141CF /* RSADataSigner.m in Sources */,
				776768441BDCBE9B008141CF /* RSADataVerifier.m in Sources */,
				A772B6191B27E6170001E1C9 /* do_Alipay_App.m in Sources */,
				A772B61D1B27E6170001E1C9 /* do_Alipay_SM.m in Sources */,
				A772B6991B27E87A0001E1C9 /* do_Alipay_Auth.m in Sources */,
				A772B61B1B27E6170001E1C9 /* do_Alipay_Order.m in Sources */,
			);
			runOnlyForDeploymentPostprocessing = 0;
		};
/* End PBXSourcesBuildPhase section */

/* Begin PBXVariantGroup section */
		A44BC67C1AEE005E001580AA /* LaunchScreen.xib */ = {
			isa = PBXVariantGroup;
			children = (
				A44BC67D1AEE005E001580AA /* Base */,
			);
			name = LaunchScreen.xib;
			sourceTree = "<group>";
		};
/* End PBXVariantGroup section */

/* Begin XCBuildConfiguration section */
		A44BC68B1AEE005F001580AA /* Debug */ = {
			isa = XCBuildConfiguration;
			buildSettings = {
				ALWAYS_SEARCH_USER_PATHS = NO;
				CLANG_CXX_LANGUAGE_STANDARD = "gnu++0x";
				CLANG_CXX_LIBRARY = "libc++";
				CLANG_ENABLE_MODULES = YES;
				CLANG_ENABLE_OBJC_ARC = YES;
				CLANG_WARN_BOOL_CONVERSION = YES;
				CLANG_WARN_CONSTANT_CONVERSION = YES;
				CLANG_WARN_DIRECT_OBJC_ISA_USAGE = YES_ERROR;
				CLANG_WARN_EMPTY_BODY = YES;
				CLANG_WARN_ENUM_CONVERSION = YES;
				CLANG_WARN_INT_CONVERSION = YES;
				CLANG_WARN_OBJC_ROOT_CLASS = YES_ERROR;
				CLANG_WARN_UNREACHABLE_CODE = YES;
				CLANG_WARN__DUPLICATE_METHOD_MATCH = YES;
				"CODE_SIGN_IDENTITY[sdk=iphoneos*]" = "iPhone Developer";
				COPY_PHASE_STRIP = NO;
				ENABLE_STRICT_OBJC_MSGSEND = YES;
				GCC_C_LANGUAGE_STANDARD = gnu99;
				GCC_DYNAMIC_NO_PIC = NO;
				GCC_OPTIMIZATION_LEVEL = 0;
				GCC_PREPROCESSOR_DEFINITIONS = (
					"DEBUG=1",
					"$(inherited)",
				);
				GCC_SYMBOLS_PRIVATE_EXTERN = NO;
				GCC_WARN_64_TO_32_BIT_CONVERSION = YES;
				GCC_WARN_ABOUT_RETURN_TYPE = YES_ERROR;
				GCC_WARN_UNDECLARED_SELECTOR = YES;
				GCC_WARN_UNINITIALIZED_AUTOS = YES_AGGRESSIVE;
				GCC_WARN_UNUSED_FUNCTION = YES;
				GCC_WARN_UNUSED_VARIABLE = YES;
				IPHONEOS_DEPLOYMENT_TARGET = 7.0;
				MTL_ENABLE_DEBUG_INFO = YES;
				ONLY_ACTIVE_ARCH = NO;
				SDKROOT = iphoneos;
				TARGETED_DEVICE_FAMILY = "1,2";
			};
			name = Debug;
		};
		A44BC68C1AEE005F001580AA /* Release */ = {
			isa = XCBuildConfiguration;
			buildSettings = {
				ALWAYS_SEARCH_USER_PATHS = NO;
				CLANG_CXX_LANGUAGE_STANDARD = "gnu++0x";
				CLANG_CXX_LIBRARY = "libc++";
				CLANG_ENABLE_MODULES = YES;
				CLANG_ENABLE_OBJC_ARC = YES;
				CLANG_WARN_BOOL_CONVERSION = YES;
				CLANG_WARN_CONSTANT_CONVERSION = YES;
				CLANG_WARN_DIRECT_OBJC_ISA_USAGE = YES_ERROR;
				CLANG_WARN_EMPTY_BODY = YES;
				CLANG_WARN_ENUM_CONVERSION = YES;
				CLANG_WARN_INT_CONVERSION = YES;
				CLANG_WARN_OBJC_ROOT_CLASS = YES_ERROR;
				CLANG_WARN_UNREACHABLE_CODE = YES;
				CLANG_WARN__DUPLICATE_METHOD_MATCH = YES;
				"CODE_SIGN_IDENTITY[sdk=iphoneos*]" = "iPhone Developer";
				COPY_PHASE_STRIP = YES;
				ENABLE_NS_ASSERTIONS = NO;
				ENABLE_STRICT_OBJC_MSGSEND = YES;
				GCC_C_LANGUAGE_STANDARD = gnu99;
				GCC_WARN_64_TO_32_BIT_CONVERSION = YES;
				GCC_WARN_ABOUT_RETURN_TYPE = YES_ERROR;
				GCC_WARN_UNDECLARED_SELECTOR = YES;
				GCC_WARN_UNINITIALIZED_AUTOS = YES_AGGRESSIVE;
				GCC_WARN_UNUSED_FUNCTION = YES;
				GCC_WARN_UNUSED_VARIABLE = YES;
				IPHONEOS_DEPLOYMENT_TARGET = 7.0;
				MTL_ENABLE_DEBUG_INFO = NO;
				SDKROOT = iphoneos;
				TARGETED_DEVICE_FAMILY = "1,2";
				VALIDATE_PRODUCT = YES;
			};
			name = Release;
		};
		A44BC68E1AEE005F001580AA /* Debug */ = {
			isa = XCBuildConfiguration;
			buildSettings = {
				ASSETCATALOG_COMPILER_APPICON_NAME = AppIcon;
				FRAMEWORK_SEARCH_PATHS = (
					"$(inherited)",
					"$(PROJECT_DIR)/AlipaySDK",
				);
				INFOPLIST_FILE = Do_Test/Info.plist;
				IPHONEOS_DEPLOYMENT_TARGET = 7.0;
				LD_RUNPATH_SEARCH_PATHS = "$(inherited) @executable_path/Frameworks";
				LIBRARY_SEARCH_PATHS = (
					"$(inherited)",
					"$(PROJECT_DIR)/Do_Test/doCore",
					"$(PROJECT_DIR)/Do_Test/do_Example",
					"$(PROJECT_DIR)/AlipaySDK",
				);
				OTHER_LDFLAGS = "-all_load";
				OTHER_LIBTOOLFLAGS = "-all_load";
				PRODUCT_NAME = "$(TARGET_NAME)";
				PROVISIONING_PROFILE = "059031d4-342c-4a8c-8e77-14dff928bb50";
			};
			name = Debug;
		};
		A44BC68F1AEE005F001580AA /* Release */ = {
			isa = XCBuildConfiguration;
			buildSettings = {
				ASSETCATALOG_COMPILER_APPICON_NAME = AppIcon;
				FRAMEWORK_SEARCH_PATHS = (
					"$(inherited)",
					"$(PROJECT_DIR)/AlipaySDK",
				);
				INFOPLIST_FILE = Do_Test/Info.plist;
				IPHONEOS_DEPLOYMENT_TARGET = 7.0;
				LD_RUNPATH_SEARCH_PATHS = "$(inherited) @executable_path/Frameworks";
				LIBRARY_SEARCH_PATHS = (
					"$(inherited)",
					"$(PROJECT_DIR)/Do_Test/doCore",
					"$(PROJECT_DIR)/Do_Test/do_Example",
					"$(PROJECT_DIR)/AlipaySDK",
				);
				OTHER_LDFLAGS = "-all_load";
				OTHER_LIBTOOLFLAGS = "-all_load";
				PRODUCT_NAME = "$(TARGET_NAME)";
				PROVISIONING_PROFILE = "059031d4-342c-4a8c-8e77-14dff928bb50";
			};
			name = Release;
		};
		A44BC7C31AEE19CD001580AA /* Debug */ = {
			isa = XCBuildConfiguration;
			buildSettings = {
				ALWAYS_SEARCH_USER_PATHS = YES;
				CLANG_CXX_LANGUAGE_STANDARD = "compiler-default";
				CLANG_CXX_LIBRARY = "compiler-default";
				"CODE_SIGN_IDENTITY[sdk=iphoneos*]" = "";
				FRAMEWORK_SEARCH_PATHS = (
					"$(inherited)",
					"$(SRCROOT)",
					"$(SRCROOT)/AlipaySDK",
					"$(PROJECT_DIR)",
					"$(PROJECT_DIR)/AlipaySDK",
				);
				GCC_PRECOMPILE_PREFIX_HEADER = YES;
				GCC_PREFIX_HEADER = Do_Test/do_Alipay_SM.pch;
				GCC_PREPROCESSOR_DEFINITIONS = (
					"DEBUG=1",
					"$(inherited)",
				);
				HEADER_SEARCH_PATHS = (
					"$(inherited)",
					/Applications/Xcode.app/Contents/Developer/Toolchains/XcodeDefault.xctoolchain/usr/include,
				);
				LIBRARY_SEARCH_PATHS = (
					"$(inherited)",
					"$(PROJECT_DIR)",
					"$(SRCROOT)/AlipaySDK",
					"$(SRCROOT)",
					"$(PROJECT_DIR)/AlipaySDK",
				);
				OTHER_LDFLAGS = "-all_load";
				PRODUCT_MODULE_NAME = doAlipay_SM;
				PRODUCT_NAME = doAlipay_SM;
				PROVISIONING_PROFILE = "059031d4-342c-4a8c-8e77-14dff928bb50";
				SKIP_INSTALL = YES;
				SYMROOT = build;
			};
			name = Debug;
		};
		A44BC7C41AEE19CD001580AA /* Release */ = {
			isa = XCBuildConfiguration;
			buildSettings = {
				ALWAYS_SEARCH_USER_PATHS = YES;
				CLANG_CXX_LANGUAGE_STANDARD = "compiler-default";
				CLANG_CXX_LIBRARY = "compiler-default";
				"CODE_SIGN_IDENTITY[sdk=iphoneos*]" = "";
				FRAMEWORK_SEARCH_PATHS = (
					"$(inherited)",
					"$(SRCROOT)",
					"$(SRCROOT)/AlipaySDK",
					"$(PROJECT_DIR)",
					"$(PROJECT_DIR)/AlipaySDK",
				);
				GCC_PRECOMPILE_PREFIX_HEADER = YES;
				GCC_PREFIX_HEADER = Do_Test/do_Alipay_SM.pch;
				HEADER_SEARCH_PATHS = (
					"$(inherited)",
					/Applications/Xcode.app/Contents/Developer/Toolchains/XcodeDefault.xctoolchain/usr/include,
				);
				LIBRARY_SEARCH_PATHS = (
					"$(inherited)",
					"$(PROJECT_DIR)",
					"$(SRCROOT)/AlipaySDK",
					"$(SRCROOT)",
					"$(PROJECT_DIR)/AlipaySDK",
				);
				OTHER_LDFLAGS = "-all_load";
				PRODUCT_MODULE_NAME = doAlipay_SM;
				PRODUCT_NAME = doAlipay_SM;
				PROVISIONING_PROFILE = "059031d4-342c-4a8c-8e77-14dff928bb50";
				SKIP_INSTALL = YES;
				SYMROOT = build;
			};
			name = Release;
		};
/* End XCBuildConfiguration section */

/* Begin XCConfigurationList section */
		A44BC6651AEE005E001580AA /* Build configuration list for PBXProject "DoAlipay_SM" */ = {
			isa = XCConfigurationList;
			buildConfigurations = (
				A44BC68B1AEE005F001580AA /* Debug */,
				A44BC68C1AEE005F001580AA /* Release */,
			);
			defaultConfigurationIsVisible = 0;
			defaultConfigurationName = Release;
		};
		A44BC68D1AEE005F001580AA /* Build configuration list for PBXNativeTarget "Do_Test" */ = {
			isa = XCConfigurationList;
			buildConfigurations = (
				A44BC68E1AEE005F001580AA /* Debug */,
				A44BC68F1AEE005F001580AA /* Release */,
			);
			defaultConfigurationIsVisible = 0;
			defaultConfigurationName = Release;
		};
		A44BC7C71AEE19CD001580AA /* Build configuration list for PBXNativeTarget "doAlipay_SM" */ = {
			isa = XCConfigurationList;
			buildConfigurations = (
				A44BC7C31AEE19CD001580AA /* Debug */,
				A44BC7C41AEE19CD001580AA /* Release */,
			);
			defaultConfigurationIsVisible = 0;
			defaultConfigurationName = Release;
		};
/* End XCConfigurationList section */
	};
	rootObject = A44BC6621AEE005E001580AA /* Project object */;
}
